// !$*UTF8*$!
{
	archiveVersion = 1;
	classes = {
	};
	objectVersion = 46;
	objects = {

/* Begin PBXBuildFile section */
		1475693A1CA520A0009DB7E7 /* main.m in Sources */ = {isa = PBXBuildFile; fileRef = 147569391CA520A0009DB7E7 /* main.m */; };
		1475693D1CA520A0009DB7E7 /* AppDelegate.m in Sources */ = {isa = PBXBuildFile; fileRef = 1475693C1CA520A0009DB7E7 /* AppDelegate.m */; };
		147569401CA520A0009DB7E7 /* ViewController.m in Sources */ = {isa = PBXBuildFile; fileRef = 1475693F1CA520A0009DB7E7 /* ViewController.m */; };
		147569431CA520A0009DB7E7 /* Main.storyboard in Resources */ = {isa = PBXBuildFile; fileRef = 147569411CA520A0009DB7E7 /* Main.storyboard */; };
		147569451CA520A0009DB7E7 /* Assets.xcassets in Resources */ = {isa = PBXBuildFile; fileRef = 147569441CA520A0009DB7E7 /* Assets.xcassets */; };
		147569481CA520A0009DB7E7 /* LaunchScreen.storyboard in Resources */ = {isa = PBXBuildFile; fileRef = 147569461CA520A0009DB7E7 /* LaunchScreen.storyboard */; };
		147569531CA520A0009DB7E7 /* QianHuoClientIOSTests.m in Sources */ = {isa = PBXBuildFile; fileRef = 147569521CA520A0009DB7E7 /* QianHuoClientIOSTests.m */; };
		1475695E1CA520A0009DB7E7 /* QianHuoClientIOSUITests.m in Sources */ = {isa = PBXBuildFile; fileRef = 1475695D1CA520A0009DB7E7 /* QianHuoClientIOSUITests.m */; };
/* End PBXBuildFile section */

/* Begin PBXContainerItemProxy section */
		1475694F1CA520A0009DB7E7 /* PBXContainerItemProxy */ = {
			isa = PBXContainerItemProxy;
			containerPortal = 1475692D1CA520A0009DB7E7 /* Project object */;
			proxyType = 1;
			remoteGlobalIDString = 147569341CA520A0009DB7E7;
			remoteInfo = QianHuoClientIOS;
		};
		1475695A1CA520A0009DB7E7 /* PBXContainerItemProxy */ = {
			isa = PBXContainerItemProxy;
			containerPortal = 1475692D1CA520A0009DB7E7 /* Project object */;
			proxyType = 1;
			remoteGlobalIDString = 147569341CA520A0009DB7E7;
			remoteInfo = QianHuoClientIOS;
		};
/* End PBXContainerItemProxy section */

/* Begin PBXFileReference section */
		147569351CA520A0009DB7E7 /* QianHuoClientIOS.app */ = {isa = PBXFileReference; explicitFileType = wrapper.application; includeInIndex = 0; path = QianHuoClientIOS.app; sourceTree = BUILT_PRODUCTS_DIR; };
		147569391CA520A0009DB7E7 /* main.m */ = {isa = PBXFileReference; lastKnownFileType = sourcecode.c.objc; path = main.m; sourceTree = "<group>"; };
		1475693B1CA520A0009DB7E7 /* AppDelegate.h */ = {isa = PBXFileReference; lastKnownFileType = sourcecode.c.h; path = AppDelegate.h; sourceTree = "<group>"; };
		1475693C1CA520A0009DB7E7 /* AppDelegate.m */ = {isa = PBXFileReference; lastKnownFileType = sourcecode.c.objc; path = AppDelegate.m; sourceTree = "<group>"; };
		1475693E1CA520A0009DB7E7 /* ViewController.h */ = {isa = PBXFileReference; lastKnownFileType = sourcecode.c.h; path = ViewController.h; sourceTree = "<group>"; };
		1475693F1CA520A0009DB7E7 /* ViewController.m */ = {isa = PBXFileReference; lastKnownFileType = sourcecode.c.objc; path = ViewController.m; sourceTree = "<group>"; };
		147569421CA520A0009DB7E7 /* Base */ = {isa = PBXFileReference; lastKnownFileType = file.storyboard; name = Base; path = Base.lproj/Main.storyboard; sourceTree = "<group>"; };
		147569441CA520A0009DB7E7 /* Assets.xcassets */ = {isa = PBXFileReference; lastKnownFileType = folder.assetcatalog; path = Assets.xcassets; sourceTree = "<group>"; };
		147569471CA520A0009DB7E7 /* Base */ = {isa = PBXFileReference; lastKnownFileType = file.storyboard; name = Base; path = Base.lproj/LaunchScreen.storyboard; sourceTree = "<group>"; };
		147569491CA520A0009DB7E7 /* Info.plist */ = {isa = PBXFileReference; lastKnownFileType = text.plist.xml; path = Info.plist; sourceTree = "<group>"; };
		1475694E1CA520A0009DB7E7 /* QianHuoClientIOSTests.xctest */ = {isa = PBXFileReference; explicitFileType = wrapper.cfbundle; includeInIndex = 0; path = QianHuoClientIOSTests.xctest; sourceTree = BUILT_PRODUCTS_DIR; };
		147569521CA520A0009DB7E7 /* QianHuoClientIOSTests.m */ = {isa = PBXFileReference; lastKnownFileType = sourcecode.c.objc; path = QianHuoClientIOSTests.m; sourceTree = "<group>"; };
		147569541CA520A0009DB7E7 /* Info.plist */ = {isa = PBXFileReference; lastKnownFileType = text.plist.xml; path = Info.plist; sourceTree = "<group>"; };
		147569591CA520A0009DB7E7 /* QianHuoClientIOSUITests.xctest */ = {isa = PBXFileReference; explicitFileType = wrapper.cfbundle; includeInIndex = 0; path = QianHuoClientIOSUITests.xctest; sourceTree = BUILT_PRODUCTS_DIR; };
		1475695D1CA520A0009DB7E7 /* QianHuoClientIOSUITests.m */ = {isa = PBXFileReference; lastKnownFileType = sourcecode.c.objc; path = QianHuoClientIOSUITests.m; sourceTree = "<group>"; };
		1475695F1CA520A0009DB7E7 /* Info.plist */ = {isa = PBXFileReference; lastKnownFileType = text.plist.xml; path = Info.plist; sourceTree = "<group>"; };
/* End PBXFileReference section */

/* Begin PBXFrameworksBuildPhase section */
		147569321CA520A0009DB7E7 /* Frameworks */ = {
			isa = PBXFrameworksBuildPhase;
			buildActionMask = 2147483647;
			files = (
			);
			runOnlyForDeploymentPostprocessing = 0;
		};
		1475694B1CA520A0009DB7E7 /* Frameworks */ = {
			isa = PBXFrameworksBuildPhase;
			buildActionMask = 2147483647;
			files = (
			);
			runOnlyForDeploymentPostprocessing = 0;
		};
		147569561CA520A0009DB7E7 /* Frameworks */ = {
			isa = PBXFrameworksBuildPhase;
			buildActionMask = 2147483647;
			files = (
			);
			runOnlyForDeploymentPostprocessing = 0;
		};
/* End PBXFrameworksBuildPhase section */

/* Begin PBXGroup section */
		1475692C1CA520A0009DB7E7 = {
			isa = PBXGroup;
			children = (
				147569371CA520A0009DB7E7 /* QianHuoClientIOS */,
				147569511CA520A0009DB7E7 /* QianHuoClientIOSTests */,
				1475695C1CA520A0009DB7E7 /* QianHuoClientIOSUITests */,
				147569361CA520A0009DB7E7 /* Products */,
			);
			sourceTree = "<group>";
		};
		147569361CA520A0009DB7E7 /* Products */ = {
			isa = PBXGroup;
			children = (
				147569351CA520A0009DB7E7 /* QianHuoClientIOS.app */,
				1475694E1CA520A0009DB7E7 /* QianHuoClientIOSTests.xctest */,
				147569591CA520A0009DB7E7 /* QianHuoClientIOSUITests.xctest */,
			);
			name = Products;
			sourceTree = "<group>";
		};
		147569371CA520A0009DB7E7 /* QianHuoClientIOS */ = {
			isa = PBXGroup;
			children = (
				1475693B1CA520A0009DB7E7 /* AppDelegate.h */,
				1475693C1CA520A0009DB7E7 /* AppDelegate.m */,
				1475693E1CA520A0009DB7E7 /* ViewController.h */,
				1475693F1CA520A0009DB7E7 /* ViewController.m */,
				147569411CA520A0009DB7E7 /* Main.storyboard */,
				147569441CA520A0009DB7E7 /* Assets.xcassets */,
				147569461CA520A0009DB7E7 /* LaunchScreen.storyboard */,
				147569491CA520A0009DB7E7 /* Info.plist */,
				147569381CA520A0009DB7E7 /* Supporting Files */,
			);
			path = QianHuoClientIOS;
			sourceTree = "<group>";
		};
		147569381CA520A0009DB7E7 /* Supporting Files */ = {
			isa = PBXGroup;
			children = (
				147569391CA520A0009DB7E7 /* main.m */,
			);
			name = "Supporting Files";
			sourceTree = "<group>";
		};
		147569511CA520A0009DB7E7 /* QianHuoClientIOSTests */ = {
			isa = PBXGroup;
			children = (
				147569521CA520A0009DB7E7 /* QianHuoClientIOSTests.m */,
				147569541CA520A0009DB7E7 /* Info.plist */,
			);
			path = QianHuoClientIOSTests;
			sourceTree = "<group>";
		};
		1475695C1CA520A0009DB7E7 /* QianHuoClientIOSUITests */ = {
			isa = PBXGroup;
			children = (
				1475695D1CA520A0009DB7E7 /* QianHuoClientIOSUITests.m */,
				1475695F1CA520A0009DB7E7 /* Info.plist */,
			);
			path = QianHuoClientIOSUITests;
			sourceTree = "<group>";
		};
/* End PBXGroup section */

/* Begin PBXNativeTarget section */
		147569341CA520A0009DB7E7 /* QianHuoClientIOS */ = {
			isa = PBXNativeTarget;
			buildConfigurationList = 147569621CA520A0009DB7E7 /* Build configuration list for PBXNativeTarget "QianHuoClientIOS" */;
			buildPhases = (
				147569311CA520A0009DB7E7 /* Sources */,
				147569321CA520A0009DB7E7 /* Frameworks */,
				147569331CA520A0009DB7E7 /* Resources */,
			);
			buildRules = (
			);
			dependencies = (
			);
			name = QianHuoClientIOS;
			productName = QianHuoClientIOS;
			productReference = 147569351CA520A0009DB7E7 /* QianHuoClientIOS.app */;
			productType = "com.apple.product-type.application";
		};
		1475694D1CA520A0009DB7E7 /* QianHuoClientIOSTests */ = {
			isa = PBXNativeTarget;
			buildConfigurationList = 147569651CA520A0009DB7E7 /* Build configuration list for PBXNativeTarget "QianHuoClientIOSTests" */;
			buildPhases = (
				1475694A1CA520A0009DB7E7 /* Sources */,
				1475694B1CA520A0009DB7E7 /* Frameworks */,
				1475694C1CA520A0009DB7E7 /* Resources */,
			);
			buildRules = (
			);
			dependencies = (
				147569501CA520A0009DB7E7 /* PBXTargetDependency */,
			);
			name = QianHuoClientIOSTests;
			productName = QianHuoClientIOSTests;
			productReference = 1475694E1CA520A0009DB7E7 /* QianHuoClientIOSTests.xctest */;
			productType = "com.apple.product-type.bundle.unit-test";
		};
		147569581CA520A0009DB7E7 /* QianHuoClientIOSUITests */ = {
			isa = PBXNativeTarget;
			buildConfigurationList = 147569681CA520A0009DB7E7 /* Build configuration list for PBXNativeTarget "QianHuoClientIOSUITests" */;
			buildPhases = (
				147569551CA520A0009DB7E7 /* Sources */,
				147569561CA520A0009DB7E7 /* Frameworks */,
				147569571CA520A0009DB7E7 /* Resources */,
			);
			buildRules = (
			);
			dependencies = (
				1475695B1CA520A0009DB7E7 /* PBXTargetDependency */,
			);
			name = QianHuoClientIOSUITests;
			productName = QianHuoClientIOSUITests;
			productReference = 147569591CA520A0009DB7E7 /* QianHuoClientIOSUITests.xctest */;
			productType = "com.apple.product-type.bundle.ui-testing";
		};
/* End PBXNativeTarget section */

/* Begin PBXProject section */
		1475692D1CA520A0009DB7E7 /* Project object */ = {
			isa = PBXProject;
			attributes = {
				LastUpgradeCheck = 0720;
				ORGANIZATIONNAME = deeepthinking;
				TargetAttributes = {
					147569341CA520A0009DB7E7 = {
						CreatedOnToolsVersion = 7.2.1;
					};
					1475694D1CA520A0009DB7E7 = {
						CreatedOnToolsVersion = 7.2.1;
						TestTargetID = 147569341CA520A0009DB7E7;
					};
					147569581CA520A0009DB7E7 = {
						CreatedOnToolsVersion = 7.2.1;
						TestTargetID = 147569341CA520A0009DB7E7;
					};
				};
			};
			buildConfigurationList = 147569301CA520A0009DB7E7 /* Build configuration list for PBXProject "QianHuoClientIOS" */;
			compatibilityVersion = "Xcode 3.2";
			developmentRegion = English;
			hasScannedForEncodings = 0;
			knownRegions = (
				en,
				Base,
			);
			mainGroup = 1475692C1CA520A0009DB7E7;
			productRefGroup = 147569361CA520A0009DB7E7 /* Products */;
			projectDirPath = "";
			projectRoot = "";
			targets = (
				147569341CA520A0009DB7E7 /* QianHuoClientIOS */,
				1475694D1CA520A0009DB7E7 /* QianHuoClientIOSTests */,
				147569581CA520A0009DB7E7 /* QianHuoClientIOSUITests */,
			);
		};
/* End PBXProject section */

/* Begin PBXResourcesBuildPhase section */
		147569331CA520A0009DB7E7 /* Resources */ = {
			isa = PBXResourcesBuildPhase;
			buildActionMask = 2147483647;
			files = (
				147569481CA520A0009DB7E7 /* LaunchScreen.storyboard in Resources */,
				147569451CA520A0009DB7E7 /* Assets.xcassets in Resources */,
				147569431CA520A0009DB7E7 /* Main.storyboard in Resources */,
			);
			runOnlyForDeploymentPostprocessing = 0;
		};
		1475694C1CA520A0009DB7E7 /* Resources */ = {
			isa = PBXResourcesBuildPhase;
			buildActionMask = 2147483647;
			files = (
			);
			runOnlyForDeploymentPostprocessing = 0;
		};
		147569571CA520A0009DB7E7 /* Resources */ = {
			isa = PBXResourcesBuildPhase;
			buildActionMask = 2147483647;
			files = (
			);
			runOnlyForDeploymentPostprocessing = 0;
		};
/* End PBXResourcesBuildPhase section */

/* Begin PBXSourcesBuildPhase section */
		147569311CA520A0009DB7E7 /* Sources */ = {
			isa = PBXSourcesBuildPhase;
			buildActionMask = 2147483647;
			files = (
				147569401CA520A0009DB7E7 /* ViewController.m in Sources */,
				1475693D1CA520A0009DB7E7 /* AppDelegate.m in Sources */,
				1475693A1CA520A0009DB7E7 /* main.m in Sources */,
			);
			runOnlyForDeploymentPostprocessing = 0;
		};
		1475694A1CA520A0009DB7E7 /* Sources */ = {
			isa = PBXSourcesBuildPhase;
			buildActionMask = 2147483647;
			files = (
				147569531CA520A0009DB7E7 /* QianHuoClientIOSTests.m in Sources */,
			);
			runOnlyForDeploymentPostprocessing = 0;
		};
		147569551CA520A0009DB7E7 /* Sources */ = {
			isa = PBXSourcesBuildPhase;
			buildActionMask = 2147483647;
			files = (
				1475695E1CA520A0009DB7E7 /* QianHuoClientIOSUITests.m in Sources */,
			);
			runOnlyForDeploymentPostprocessing = 0;
		};
/* End PBXSourcesBuildPhase section */

/* Begin PBXTargetDependency section */
		147569501CA520A0009DB7E7 /* PBXTargetDependency */ = {
			isa = PBXTargetDependency;
			target = 147569341CA520A0009DB7E7 /* QianHuoClientIOS */;
			targetProxy = 1475694F1CA520A0009DB7E7 /* PBXContainerItemProxy */;
		};
		1475695B1CA520A0009DB7E7 /* PBXTargetDependency */ = {
			isa = PBXTargetDependency;
			target = 147569341CA520A0009DB7E7 /* QianHuoClientIOS */;
			targetProxy = 1475695A1CA520A0009DB7E7 /* PBXContainerItemProxy */;
		};
/* End PBXTargetDependency section */

/* Begin PBXVariantGroup section */
		147569411CA520A0009DB7E7 /* Main.storyboard */ = {
			isa = PBXVariantGroup;
			children = (
				147569421CA520A0009DB7E7 /* Base */,
			);
			name = Main.storyboard;
			sourceTree = "<group>";
		};
		147569461CA520A0009DB7E7 /* LaunchScreen.storyboard */ = {
			isa = PBXVariantGroup;
			children = (
				147569471CA520A0009DB7E7 /* Base */,
			);
			name = LaunchScreen.storyboard;
			sourceTree = "<group>";
		};
/* End PBXVariantGroup section */

/* Begin XCBuildConfiguration section */
		147569601CA520A0009DB7E7 /* Debug */ = {
			isa = XCBuildConfiguration;
			buildSettings = {
				ALWAYS_SEARCH_USER_PATHS = NO;
				CLANG_CXX_LANGUAGE_STANDARD = "gnu++0x";
				CLANG_CXX_LIBRARY = "libc++";
				CLANG_ENABLE_MODULES = YES;
				CLANG_ENABLE_OBJC_ARC = YES;
				CLANG_WARN_BOOL_CONVERSION = YES;
				CLANG_WARN_CONSTANT_CONVERSION = YES;
				CLANG_WARN_DIRECT_OBJC_ISA_USAGE = YES_ERROR;
				CLANG_WARN_EMPTY_BODY = YES;
				CLANG_WARN_ENUM_CONVERSION = YES;
				CLANG_WARN_INT_CONVERSION = YES;
				CLANG_WARN_OBJC_ROOT_CLASS = YES_ERROR;
				CLANG_WARN_UNREACHABLE_CODE = YES;
				CLANG_WARN__DUPLICATE_METHOD_MATCH = YES;
				"CODE_SIGN_IDENTITY[sdk=iphoneos*]" = "iPhone Developer";
				COPY_PHASE_STRIP = NO;
				DEBUG_INFORMATION_FORMAT = dwarf;
				ENABLE_STRICT_OBJC_MSGSEND = YES;
				ENABLE_TESTABILITY = YES;
				GCC_C_LANGUAGE_STANDARD = gnu99;
				GCC_DYNAMIC_NO_PIC = NO;
				GCC_NO_COMMON_BLOCKS = YES;
				GCC_OPTIMIZATION_LEVEL = 0;
				GCC_PREPROCESSOR_DEFINITIONS = (
					"DEBUG=1",
					"$(inherited)",
				);
				GCC_WARN_64_TO_32_BIT_CONVERSION = YES;
				GCC_WARN_ABOUT_RETURN_TYPE = YES_ERROR;
				GCC_WARN_UNDECLARED_SELECTOR = YES;
				GCC_WARN_UNINITIALIZED_AUTOS = YES_AGGRESSIVE;
				GCC_WARN_UNUSED_FUNCTION = YES;
				GCC_WARN_UNUSED_VARIABLE = YES;
				IPHONEOS_DEPLOYMENT_TARGET = 9.2;
				MTL_ENABLE_DEBUG_INFO = YES;
				ONLY_ACTIVE_ARCH = YES;
				SDKROOT = iphoneos;
				TARGETED_DEVICE_FAMILY = "1,2";
			};
			name = Debug;
		};
		147569611CA520A0009DB7E7 /* Release */ = {
			isa = XCBuildConfiguration;
			buildSettings = {
				ALWAYS_SEARCH_USER_PATHS = NO;
				CLANG_CXX_LANGUAGE_STANDARD = "gnu++0x";
				CLANG_CXX_LIBRARY = "libc++";
				CLANG_ENABLE_MODULES = YES;
				CLANG_ENABLE_OBJC_ARC = YES;
				CLANG_WARN_BOOL_CONVERSION = YES;
				CLANG_WARN_CONSTANT_CONVERSION = YES;
				CLANG_WARN_DIRECT_OBJC_ISA_USAGE = YES_ERROR;
				CLANG_WARN_EMPTY_BODY = YES;
				CLANG_WARN_ENUM_CONVERSION = YES;
				CLANG_WARN_INT_CONVERSION = YES;
				CLANG_WARN_OBJC_ROOT_CLASS = YES_ERROR;
				CLANG_WARN_UNREACHABLE_CODE = YES;
				CLANG_WARN__DUPLICATE_METHOD_MATCH = YES;
				"CODE_SIGN_IDENTITY[sdk=iphoneos*]" = "iPhone Developer";
				COPY_PHASE_STRIP = NO;
				DEBUG_INFORMATION_FORMAT = "dwarf-with-dsym";
				ENABLE_NS_ASSERTIONS = NO;
				ENABLE_STRICT_OBJC_MSGSEND = YES;
				GCC_C_LANGUAGE_STANDARD = gnu99;
				GCC_NO_COMMON_BLOCKS = YES;
				GCC_WARN_64_TO_32_BIT_CONVERSION = YES;
				GCC_WARN_ABOUT_RETURN_TYPE = YES_ERROR;
				GCC_WARN_UNDECLARED_SELECTOR = YES;
				GCC_WARN_UNINITIALIZED_AUTOS = YES_AGGRESSIVE;
				GCC_WARN_UNUSED_FUNCTION = YES;
				GCC_WARN_UNUSED_VARIABLE = YES;
				IPHONEOS_DEPLOYMENT_TARGET = 9.2;
				MTL_ENABLE_DEBUG_INFO = NO;
				SDKROOT = iphoneos;
				TARGETED_DEVICE_FAMILY = "1,2";
				VALIDATE_PRODUCT = YES;
			};
			name = Release;
		};
		147569631CA520A0009DB7E7 /* Debug */ = {
			isa = XCBuildConfiguration;
			buildSettings = {
				ASSETCATALOG_COMPILER_APPICON_NAME = AppIcon;
				INFOPLIST_FILE = QianHuoClientIOS/Info.plist;
				LD_RUNPATH_SEARCH_PATHS = "$(inherited) @executable_path/Frameworks";
				PRODUCT_BUNDLE_IDENTIFIER = com.deeepthinking.QianHuoClientIOS;
				PRODUCT_NAME = "$(TARGET_NAME)";
			};
			name = Debug;
		};
		147569641CA520A0009DB7E7 /* Release */ = {
			isa = XCBuildConfiguration;
			buildSettings = {
				ASSETCATALOG_COMPILER_APPICON_NAME = AppIcon;
				INFOPLIST_FILE = QianHuoClientIOS/Info.plist;
				LD_RUNPATH_SEARCH_PATHS = "$(inherited) @executable_path/Frameworks";
				PRODUCT_BUNDLE_IDENTIFIER = com.deeepthinking.QianHuoClientIOS;
				PRODUCT_NAME = "$(TARGET_NAME)";
			};
			name = Release;
		};
		147569661CA520A0009DB7E7 /* Debug */ = {
			isa = XCBuildConfiguration;
			buildSettings = {
				BUNDLE_LOADER = "$(TEST_HOST)";
				INFOPLIST_FILE = QianHuoClientIOSTests/Info.plist;
				LD_RUNPATH_SEARCH_PATHS = "$(inherited) @executable_path/Frameworks @loader_path/Frameworks";
				PRODUCT_BUNDLE_IDENTIFIER = com.deeepthinking.QianHuoClientIOSTests;
				PRODUCT_NAME = "$(TARGET_NAME)";
				TEST_HOST = "$(BUILT_PRODUCTS_DIR)/QianHuoClientIOS.app/QianHuoClientIOS";
			};
			name = Debug;
		};
		147569671CA520A0009DB7E7 /* Release */ = {
			isa = XCBuildConfiguration;
			buildSettings = {
				BUNDLE_LOADER = "$(TEST_HOST)";
				INFOPLIST_FILE = QianHuoClientIOSTests/Info.plist;
				LD_RUNPATH_SEARCH_PATHS = "$(inherited) @executable_path/Frameworks @loader_path/Frameworks";
				PRODUCT_BUNDLE_IDENTIFIER = com.deeepthinking.QianHuoClientIOSTests;
				PRODUCT_NAME = "$(TARGET_NAME)";
				TEST_HOST = "$(BUILT_PRODUCTS_DIR)/QianHuoClientIOS.app/QianHuoClientIOS";
			};
			name = Release;
		};
		147569691CA520A0009DB7E7 /* Debug */ = {
			isa = XCBuildConfiguration;
			buildSettings = {
				INFOPLIST_FILE = QianHuoClientIOSUITests/Info.plist;
				LD_RUNPATH_SEARCH_PATHS = "$(inherited) @executable_path/Frameworks @loader_path/Frameworks";
				PRODUCT_BUNDLE_IDENTIFIER = com.deeepthinking.QianHuoClientIOSUITests;
				PRODUCT_NAME = "$(TARGET_NAME)";
				TEST_TARGET_NAME = QianHuoClientIOS;
				USES_XCTRUNNER = YES;
			};
			name = Debug;
		};
		1475696A1CA520A0009DB7E7 /* Release */ = {
			isa = XCBuildConfiguration;
			buildSettings = {
				INFOPLIST_FILE = QianHuoClientIOSUITests/Info.plist;
				LD_RUNPATH_SEARCH_PATHS = "$(inherited) @executable_path/Frameworks @loader_path/Frameworks";
				PRODUCT_BUNDLE_IDENTIFIER = com.deeepthinking.QianHuoClientIOSUITests;
				PRODUCT_NAME = "$(TARGET_NAME)";
				TEST_TARGET_NAME = QianHuoClientIOS;
				USES_XCTRUNNER = YES;
			};
			name = Release;
		};
/* End XCBuildConfiguration section */

/* Begin XCConfigurationList section */
		147569301CA520A0009DB7E7 /* Build configuration list for PBXProject "QianHuoClientIOS" */ = {
			isa = XCConfigurationList;
			buildConfigurations = (
				147569601CA520A0009DB7E7 /* Debug */,
				147569611CA520A0009DB7E7 /* Release */,
			);
			defaultConfigurationIsVisible = 0;
			defaultConfigurationName = Release;
		};
		147569621CA520A0009DB7E7 /* Build configuration list for PBXNativeTarget "QianHuoClientIOS" */ = {
			isa = XCConfigurationList;
			buildConfigurations = (
				147569631CA520A0009DB7E7 /* Debug */,
				147569641CA520A0009DB7E7 /* Release */,
			);
			defaultConfigurationIsVisible = 0;
		};
		147569651CA520A0009DB7E7 /* Build configuration list for PBXNativeTarget "QianHuoClientIOSTests" */ = {
			isa = XCConfigurationList;
			buildConfigurations = (
				147569661CA520A0009DB7E7 /* Debug */,
				147569671CA520A0009DB7E7 /* Release */,
			);
			defaultConfigurationIsVisible = 0;
		};
		147569681CA520A0009DB7E7 /* Build configuration list for PBXNativeTarget "QianHuoClientIOSUITests" */ = {
			isa = XCConfigurationList;
			buildConfigurations = (
				147569691CA520A0009DB7E7 /* Debug */,
				1475696A1CA520A0009DB7E7 /* Release */,
			);
			defaultConfigurationIsVisible = 0;
		};
/* End XCConfigurationList section */
	};
	rootObject = 1475692D1CA520A0009DB7E7 /* Project object */;
}
