// !$*UTF8*$!
{
	archiveVersion = 1;
	classes = {
	};
	objectVersion = 46;
	objects = {

/* Begin PBXBuildFile section */
		1475693A1CA520A0009DB7E7 /* main.m in Sources */ = {isa = PBXBuildFile; fileRef = 147569391CA520A0009DB7E7 /* main.m */; };
		147569431CA520A0009DB7E7 /* Main.storyboard in Resources */ = {isa = PBXBuildFile; fileRef = 147569411CA520A0009DB7E7 /* Main.storyboard */; };
		147569451CA520A0009DB7E7 /* Assets.xcassets in Resources */ = {isa = PBXBuildFile; fileRef = 147569441CA520A0009DB7E7 /* Assets.xcassets */; };
		147569481CA520A0009DB7E7 /* LaunchScreen.storyboard in Resources */ = {isa = PBXBuildFile; fileRef = 147569461CA520A0009DB7E7 /* LaunchScreen.storyboard */; };
		147569531CA520A0009DB7E7 /* QianHuoClientIOSTests.m in Sources */ = {isa = PBXBuildFile; fileRef = 147569521CA520A0009DB7E7 /* QianHuoClientIOSTests.m */; };
		1475695E1CA520A0009DB7E7 /* QianHuoClientIOSUITests.m in Sources */ = {isa = PBXBuildFile; fileRef = 1475695D1CA520A0009DB7E7 /* QianHuoClientIOSUITests.m */; };
		147569791CA53FC7009DB7E7 /* AppDelegate.m in Sources */ = {isa = PBXBuildFile; fileRef = 1475696F1CA53FC7009DB7E7 /* AppDelegate.m */; };
		147569871CA54155009DB7E7 /* NSString+FY.m in Sources */ = {isa = PBXBuildFile; fileRef = 1475697C1CA54155009DB7E7 /* NSString+FY.m */; };
		147569881CA54155009DB7E7 /* UIColor+FY.m in Sources */ = {isa = PBXBuildFile; fileRef = 1475697E1CA54155009DB7E7 /* UIColor+FY.m */; };
		147569891CA54155009DB7E7 /* UIImage+FY.m in Sources */ = {isa = PBXBuildFile; fileRef = 147569801CA54155009DB7E7 /* UIImage+FY.m */; };
		1475698A1CA54155009DB7E7 /* UIScreen+FY.m in Sources */ = {isa = PBXBuildFile; fileRef = 147569821CA54155009DB7E7 /* UIScreen+FY.m */; };
		1475698B1CA54155009DB7E7 /* UIView+FY.m in Sources */ = {isa = PBXBuildFile; fileRef = 147569841CA54155009DB7E7 /* UIView+FY.m */; };
		1475698C1CA54155009DB7E7 /* UIViewController+FY.m in Sources */ = {isa = PBXBuildFile; fileRef = 147569861CA54155009DB7E7 /* UIViewController+FY.m */; };
		147569901CA54173009DB7E7 /* FYUtils.m in Sources */ = {isa = PBXBuildFile; fileRef = 1475698F1CA54173009DB7E7 /* FYUtils.m */; };
		147569991CA54186009DB7E7 /* FYLabel.m in Sources */ = {isa = PBXBuildFile; fileRef = 147569921CA54186009DB7E7 /* FYLabel.m */; };
		1475699A1CA54186009DB7E7 /* HSYAlertBase.m in Sources */ = {isa = PBXBuildFile; fileRef = 147569941CA54186009DB7E7 /* HSYAlertBase.m */; };
		1475699B1CA54186009DB7E7 /* HSYAlertView.m in Sources */ = {isa = PBXBuildFile; fileRef = 147569961CA54186009DB7E7 /* HSYAlertView.m */; };
		1475699C1CA54186009DB7E7 /* HSYAttributedString.m in Sources */ = {isa = PBXBuildFile; fileRef = 147569981CA54186009DB7E7 /* HSYAttributedString.m */; };
		1475699F1CA8BA19009DB7E7 /* HSYLoading.m in Sources */ = {isa = PBXBuildFile; fileRef = 1475699E1CA8BA19009DB7E7 /* HSYLoading.m */; };
		147569A31CA8C6D3009DB7E7 /* HSYConstant.m in Sources */ = {isa = PBXBuildFile; fileRef = 147569A21CA8C6D3009DB7E7 /* HSYConstant.m */; };
		147569BE1CA8CA26009DB7E7 /* HSYRootController.m in Sources */ = {isa = PBXBuildFile; fileRef = 147569BD1CA8CA26009DB7E7 /* HSYRootController.m */; };
		147569C11CA8CD69009DB7E7 /* HSYNavigationController.m in Sources */ = {isa = PBXBuildFile; fileRef = 147569C01CA8CD69009DB7E7 /* HSYNavigationController.m */; };
		147569C41CA8CDB6009DB7E7 /* HSYLearningTimeController.m in Sources */ = {isa = PBXBuildFile; fileRef = 147569C31CA8CDB6009DB7E7 /* HSYLearningTimeController.m */; };
		147569C71CA8CDCE009DB7E7 /* HSYRestTimeController.m in Sources */ = {isa = PBXBuildFile; fileRef = 147569C61CA8CDCE009DB7E7 /* HSYRestTimeController.m */; };
		147569CB1CA8D232009DB7E7 /* TabbarLearnTime.png in Resources */ = {isa = PBXBuildFile; fileRef = 147569C91CA8D232009DB7E7 /* TabbarLearnTime.png */; };
		147569CC1CA8D232009DB7E7 /* TabbarRestTime.png in Resources */ = {isa = PBXBuildFile; fileRef = 147569CA1CA8D232009DB7E7 /* TabbarRestTime.png */; };
		147569CF1CA8D898009DB7E7 /* HSYBaseController.m in Sources */ = {isa = PBXBuildFile; fileRef = 147569CE1CA8D898009DB7E7 /* HSYBaseController.m */; };
		147569D21CA8D8C5009DB7E7 /* HSYBaseTableController.m in Sources */ = {isa = PBXBuildFile; fileRef = 147569D11CA8D8C5009DB7E7 /* HSYBaseTableController.m */; };
		147569D51CA8DDBC009DB7E7 /* HSYBaseModel.m in Sources */ = {isa = PBXBuildFile; fileRef = 147569D41CA8DDBC009DB7E7 /* HSYBaseModel.m */; };
		147569D81CA8DDDA009DB7E7 /* HSYBaseViewmodel.m in Sources */ = {isa = PBXBuildFile; fileRef = 147569D71CA8DDDA009DB7E7 /* HSYBaseViewmodel.m */; };
		147569DB1CA8E10A009DB7E7 /* HSYLearningTimeViewmodel.m in Sources */ = {isa = PBXBuildFile; fileRef = 147569DA1CA8E10A009DB7E7 /* HSYLearningTimeViewmodel.m */; };
		147569DE1CA90074009DB7E7 /* HSYLearningTimeCell.m in Sources */ = {isa = PBXBuildFile; fileRef = 147569DD1CA90074009DB7E7 /* HSYLearningTimeCell.m */; };
		147569E11CA91193009DB7E7 /* AvararIOS.png in Resources */ = {isa = PBXBuildFile; fileRef = 147569DF1CA91193009DB7E7 /* AvararIOS.png */; };
		147569E21CA91193009DB7E7 /* AvatarAndroid.png in Resources */ = {isa = PBXBuildFile; fileRef = 147569E01CA91193009DB7E7 /* AvatarAndroid.png */; };
		147569E51CA91729009DB7E7 /* HSYLearningTimeHeader.m in Sources */ = {isa = PBXBuildFile; fileRef = 147569E41CA91729009DB7E7 /* HSYLearningTimeHeader.m */; };
		147569E81CA92935009DB7E7 /* HSYBaseTableCell.m in Sources */ = {isa = PBXBuildFile; fileRef = 147569E71CA92935009DB7E7 /* HSYBaseTableCell.m */; };
		37A849702814596453715742 /* libPods.a in Frameworks */ = {isa = PBXBuildFile; fileRef = 03DAC4DD205D78414B37B47C /* libPods.a */; };
/* End PBXBuildFile section */

/* Begin PBXContainerItemProxy section */
		1475694F1CA520A0009DB7E7 /* PBXContainerItemProxy */ = {
			isa = PBXContainerItemProxy;
			containerPortal = 1475692D1CA520A0009DB7E7 /* Project object */;
			proxyType = 1;
			remoteGlobalIDString = 147569341CA520A0009DB7E7;
			remoteInfo = QianHuoClientIOS;
		};
		1475695A1CA520A0009DB7E7 /* PBXContainerItemProxy */ = {
			isa = PBXContainerItemProxy;
			containerPortal = 1475692D1CA520A0009DB7E7 /* Project object */;
			proxyType = 1;
			remoteGlobalIDString = 147569341CA520A0009DB7E7;
			remoteInfo = QianHuoClientIOS;
		};
/* End PBXContainerItemProxy section */

/* Begin PBXFileReference section */
		03DAC4DD205D78414B37B47C /* libPods.a */ = {isa = PBXFileReference; explicitFileType = archive.ar; includeInIndex = 0; path = libPods.a; sourceTree = BUILT_PRODUCTS_DIR; };
		147569351CA520A0009DB7E7 /* QianHuoClientIOS.app */ = {isa = PBXFileReference; explicitFileType = wrapper.application; includeInIndex = 0; path = QianHuoClientIOS.app; sourceTree = BUILT_PRODUCTS_DIR; };
		147569391CA520A0009DB7E7 /* main.m */ = {isa = PBXFileReference; lastKnownFileType = sourcecode.c.objc; path = main.m; sourceTree = "<group>"; };
		147569421CA520A0009DB7E7 /* Base */ = {isa = PBXFileReference; lastKnownFileType = file.storyboard; name = Base; path = Base.lproj/Main.storyboard; sourceTree = "<group>"; };
		147569441CA520A0009DB7E7 /* Assets.xcassets */ = {isa = PBXFileReference; lastKnownFileType = folder.assetcatalog; path = Assets.xcassets; sourceTree = "<group>"; };
		147569471CA520A0009DB7E7 /* Base */ = {isa = PBXFileReference; lastKnownFileType = file.storyboard; name = Base; path = Base.lproj/LaunchScreen.storyboard; sourceTree = "<group>"; };
		147569491CA520A0009DB7E7 /* Info.plist */ = {isa = PBXFileReference; lastKnownFileType = text.plist.xml; path = Info.plist; sourceTree = "<group>"; };
		1475694E1CA520A0009DB7E7 /* QianHuoClientIOSTests.xctest */ = {isa = PBXFileReference; explicitFileType = wrapper.cfbundle; includeInIndex = 0; path = QianHuoClientIOSTests.xctest; sourceTree = BUILT_PRODUCTS_DIR; };
		147569521CA520A0009DB7E7 /* QianHuoClientIOSTests.m */ = {isa = PBXFileReference; lastKnownFileType = sourcecode.c.objc; path = QianHuoClientIOSTests.m; sourceTree = "<group>"; };
		147569541CA520A0009DB7E7 /* Info.plist */ = {isa = PBXFileReference; lastKnownFileType = text.plist.xml; path = Info.plist; sourceTree = "<group>"; };
		147569591CA520A0009DB7E7 /* QianHuoClientIOSUITests.xctest */ = {isa = PBXFileReference; explicitFileType = wrapper.cfbundle; includeInIndex = 0; path = QianHuoClientIOSUITests.xctest; sourceTree = BUILT_PRODUCTS_DIR; };
		1475695D1CA520A0009DB7E7 /* QianHuoClientIOSUITests.m */ = {isa = PBXFileReference; lastKnownFileType = sourcecode.c.objc; path = QianHuoClientIOSUITests.m; sourceTree = "<group>"; };
		1475695F1CA520A0009DB7E7 /* Info.plist */ = {isa = PBXFileReference; lastKnownFileType = text.plist.xml; path = Info.plist; sourceTree = "<group>"; };
		1475696E1CA53FC7009DB7E7 /* AppDelegate.h */ = {isa = PBXFileReference; fileEncoding = 4; lastKnownFileType = sourcecode.c.h; path = AppDelegate.h; sourceTree = "<group>"; };
		1475696F1CA53FC7009DB7E7 /* AppDelegate.m */ = {isa = PBXFileReference; fileEncoding = 4; lastKnownFileType = sourcecode.c.objc; path = AppDelegate.m; sourceTree = "<group>"; };
		1475697B1CA54155009DB7E7 /* NSString+FY.h */ = {isa = PBXFileReference; fileEncoding = 4; lastKnownFileType = sourcecode.c.h; path = "NSString+FY.h"; sourceTree = "<group>"; };
		1475697C1CA54155009DB7E7 /* NSString+FY.m */ = {isa = PBXFileReference; fileEncoding = 4; lastKnownFileType = sourcecode.c.objc; path = "NSString+FY.m"; sourceTree = "<group>"; };
		1475697D1CA54155009DB7E7 /* UIColor+FY.h */ = {isa = PBXFileReference; fileEncoding = 4; lastKnownFileType = sourcecode.c.h; path = "UIColor+FY.h"; sourceTree = "<group>"; };
		1475697E1CA54155009DB7E7 /* UIColor+FY.m */ = {isa = PBXFileReference; fileEncoding = 4; lastKnownFileType = sourcecode.c.objc; path = "UIColor+FY.m"; sourceTree = "<group>"; };
		1475697F1CA54155009DB7E7 /* UIImage+FY.h */ = {isa = PBXFileReference; fileEncoding = 4; lastKnownFileType = sourcecode.c.h; path = "UIImage+FY.h"; sourceTree = "<group>"; };
		147569801CA54155009DB7E7 /* UIImage+FY.m */ = {isa = PBXFileReference; fileEncoding = 4; lastKnownFileType = sourcecode.c.objc; path = "UIImage+FY.m"; sourceTree = "<group>"; };
		147569811CA54155009DB7E7 /* UIScreen+FY.h */ = {isa = PBXFileReference; fileEncoding = 4; lastKnownFileType = sourcecode.c.h; path = "UIScreen+FY.h"; sourceTree = "<group>"; };
		147569821CA54155009DB7E7 /* UIScreen+FY.m */ = {isa = PBXFileReference; fileEncoding = 4; lastKnownFileType = sourcecode.c.objc; path = "UIScreen+FY.m"; sourceTree = "<group>"; };
		147569831CA54155009DB7E7 /* UIView+FY.h */ = {isa = PBXFileReference; fileEncoding = 4; lastKnownFileType = sourcecode.c.h; path = "UIView+FY.h"; sourceTree = "<group>"; };
		147569841CA54155009DB7E7 /* UIView+FY.m */ = {isa = PBXFileReference; fileEncoding = 4; lastKnownFileType = sourcecode.c.objc; path = "UIView+FY.m"; sourceTree = "<group>"; };
		147569851CA54155009DB7E7 /* UIViewController+FY.h */ = {isa = PBXFileReference; fileEncoding = 4; lastKnownFileType = sourcecode.c.h; path = "UIViewController+FY.h"; sourceTree = "<group>"; };
		147569861CA54155009DB7E7 /* UIViewController+FY.m */ = {isa = PBXFileReference; fileEncoding = 4; lastKnownFileType = sourcecode.c.objc; path = "UIViewController+FY.m"; sourceTree = "<group>"; };
		1475698D1CA5416B009DB7E7 /* FYMacro.h */ = {isa = PBXFileReference; fileEncoding = 4; lastKnownFileType = sourcecode.c.h; path = FYMacro.h; sourceTree = "<group>"; };
		1475698E1CA54173009DB7E7 /* FYUtils.h */ = {isa = PBXFileReference; fileEncoding = 4; lastKnownFileType = sourcecode.c.h; path = FYUtils.h; sourceTree = "<group>"; };
		1475698F1CA54173009DB7E7 /* FYUtils.m */ = {isa = PBXFileReference; fileEncoding = 4; lastKnownFileType = sourcecode.c.objc; path = FYUtils.m; sourceTree = "<group>"; };
		147569911CA54186009DB7E7 /* FYLabel.h */ = {isa = PBXFileReference; fileEncoding = 4; lastKnownFileType = sourcecode.c.h; path = FYLabel.h; sourceTree = "<group>"; };
		147569921CA54186009DB7E7 /* FYLabel.m */ = {isa = PBXFileReference; fileEncoding = 4; lastKnownFileType = sourcecode.c.objc; path = FYLabel.m; sourceTree = "<group>"; };
		147569931CA54186009DB7E7 /* HSYAlertBase.h */ = {isa = PBXFileReference; fileEncoding = 4; lastKnownFileType = sourcecode.c.h; path = HSYAlertBase.h; sourceTree = "<group>"; };
		147569941CA54186009DB7E7 /* HSYAlertBase.m */ = {isa = PBXFileReference; fileEncoding = 4; lastKnownFileType = sourcecode.c.objc; path = HSYAlertBase.m; sourceTree = "<group>"; };
		147569951CA54186009DB7E7 /* HSYAlertView.h */ = {isa = PBXFileReference; fileEncoding = 4; lastKnownFileType = sourcecode.c.h; path = HSYAlertView.h; sourceTree = "<group>"; };
		147569961CA54186009DB7E7 /* HSYAlertView.m */ = {isa = PBXFileReference; fileEncoding = 4; lastKnownFileType = sourcecode.c.objc; path = HSYAlertView.m; sourceTree = "<group>"; };
		147569971CA54186009DB7E7 /* HSYAttributedString.h */ = {isa = PBXFileReference; fileEncoding = 4; lastKnownFileType = sourcecode.c.h; path = HSYAttributedString.h; sourceTree = "<group>"; };
		147569981CA54186009DB7E7 /* HSYAttributedString.m */ = {isa = PBXFileReference; fileEncoding = 4; lastKnownFileType = sourcecode.c.objc; path = HSYAttributedString.m; sourceTree = "<group>"; };
		1475699D1CA8BA19009DB7E7 /* HSYLoading.h */ = {isa = PBXFileReference; fileEncoding = 4; lastKnownFileType = sourcecode.c.h; path = HSYLoading.h; sourceTree = "<group>"; };
		1475699E1CA8BA19009DB7E7 /* HSYLoading.m */ = {isa = PBXFileReference; fileEncoding = 4; lastKnownFileType = sourcecode.c.objc; path = HSYLoading.m; sourceTree = "<group>"; };
		147569A01CA8C5A8009DB7E7 /* HSYPch.pch */ = {isa = PBXFileReference; lastKnownFileType = sourcecode.c.h; path = HSYPch.pch; sourceTree = "<group>"; };
		147569A11CA8C6D3009DB7E7 /* HSYConstant.h */ = {isa = PBXFileReference; fileEncoding = 4; lastKnownFileType = sourcecode.c.h; path = HSYConstant.h; sourceTree = "<group>"; };
		147569A21CA8C6D3009DB7E7 /* HSYConstant.m */ = {isa = PBXFileReference; fileEncoding = 4; lastKnownFileType = sourcecode.c.objc; path = HSYConstant.m; sourceTree = "<group>"; };
		147569BC1CA8CA26009DB7E7 /* HSYRootController.h */ = {isa = PBXFileReference; fileEncoding = 4; lastKnownFileType = sourcecode.c.h; path = HSYRootController.h; sourceTree = "<group>"; };
		147569BD1CA8CA26009DB7E7 /* HSYRootController.m */ = {isa = PBXFileReference; fileEncoding = 4; lastKnownFileType = sourcecode.c.objc; path = HSYRootController.m; sourceTree = "<group>"; };
		147569BF1CA8CD69009DB7E7 /* HSYNavigationController.h */ = {isa = PBXFileReference; fileEncoding = 4; lastKnownFileType = sourcecode.c.h; path = HSYNavigationController.h; sourceTree = "<group>"; };
		147569C01CA8CD69009DB7E7 /* HSYNavigationController.m */ = {isa = PBXFileReference; fileEncoding = 4; lastKnownFileType = sourcecode.c.objc; path = HSYNavigationController.m; sourceTree = "<group>"; };
		147569C21CA8CDB6009DB7E7 /* HSYLearningTimeController.h */ = {isa = PBXFileReference; fileEncoding = 4; lastKnownFileType = sourcecode.c.h; path = HSYLearningTimeController.h; sourceTree = "<group>"; };
		147569C31CA8CDB6009DB7E7 /* HSYLearningTimeController.m */ = {isa = PBXFileReference; fileEncoding = 4; lastKnownFileType = sourcecode.c.objc; path = HSYLearningTimeController.m; sourceTree = "<group>"; };
		147569C51CA8CDCE009DB7E7 /* HSYRestTimeController.h */ = {isa = PBXFileReference; fileEncoding = 4; lastKnownFileType = sourcecode.c.h; path = HSYRestTimeController.h; sourceTree = "<group>"; };
		147569C61CA8CDCE009DB7E7 /* HSYRestTimeController.m */ = {isa = PBXFileReference; fileEncoding = 4; lastKnownFileType = sourcecode.c.objc; path = HSYRestTimeController.m; sourceTree = "<group>"; };
		147569C91CA8D232009DB7E7 /* TabbarLearnTime.png */ = {isa = PBXFileReference; lastKnownFileType = image.png; path = TabbarLearnTime.png; sourceTree = "<group>"; };
		147569CA1CA8D232009DB7E7 /* TabbarRestTime.png */ = {isa = PBXFileReference; lastKnownFileType = image.png; path = TabbarRestTime.png; sourceTree = "<group>"; };
		147569CD1CA8D898009DB7E7 /* HSYBaseController.h */ = {isa = PBXFileReference; fileEncoding = 4; lastKnownFileType = sourcecode.c.h; path = HSYBaseController.h; sourceTree = "<group>"; };
		147569CE1CA8D898009DB7E7 /* HSYBaseController.m */ = {isa = PBXFileReference; fileEncoding = 4; lastKnownFileType = sourcecode.c.objc; path = HSYBaseController.m; sourceTree = "<group>"; };
		147569D01CA8D8C5009DB7E7 /* HSYBaseTableController.h */ = {isa = PBXFileReference; fileEncoding = 4; lastKnownFileType = sourcecode.c.h; path = HSYBaseTableController.h; sourceTree = "<group>"; };
		147569D11CA8D8C5009DB7E7 /* HSYBaseTableController.m */ = {isa = PBXFileReference; fileEncoding = 4; lastKnownFileType = sourcecode.c.objc; path = HSYBaseTableController.m; sourceTree = "<group>"; };
		147569D31CA8DDBC009DB7E7 /* HSYBaseModel.h */ = {isa = PBXFileReference; fileEncoding = 4; lastKnownFileType = sourcecode.c.h; path = HSYBaseModel.h; sourceTree = "<group>"; };
		147569D41CA8DDBC009DB7E7 /* HSYBaseModel.m */ = {isa = PBXFileReference; fileEncoding = 4; lastKnownFileType = sourcecode.c.objc; path = HSYBaseModel.m; sourceTree = "<group>"; };
		147569D61CA8DDDA009DB7E7 /* HSYBaseViewmodel.h */ = {isa = PBXFileReference; fileEncoding = 4; lastKnownFileType = sourcecode.c.h; path = HSYBaseViewmodel.h; sourceTree = "<group>"; };
		147569D71CA8DDDA009DB7E7 /* HSYBaseViewmodel.m */ = {isa = PBXFileReference; fileEncoding = 4; lastKnownFileType = sourcecode.c.objc; path = HSYBaseViewmodel.m; sourceTree = "<group>"; };
		147569D91CA8E10A009DB7E7 /* HSYLearningTimeViewmodel.h */ = {isa = PBXFileReference; fileEncoding = 4; lastKnownFileType = sourcecode.c.h; path = HSYLearningTimeViewmodel.h; sourceTree = "<group>"; };
		147569DA1CA8E10A009DB7E7 /* HSYLearningTimeViewmodel.m */ = {isa = PBXFileReference; fileEncoding = 4; lastKnownFileType = sourcecode.c.objc; path = HSYLearningTimeViewmodel.m; sourceTree = "<group>"; };
		147569DC1CA90074009DB7E7 /* HSYLearningTimeCell.h */ = {isa = PBXFileReference; fileEncoding = 4; lastKnownFileType = sourcecode.c.h; path = HSYLearningTimeCell.h; sourceTree = "<group>"; };
		147569DD1CA90074009DB7E7 /* HSYLearningTimeCell.m */ = {isa = PBXFileReference; fileEncoding = 4; lastKnownFileType = sourcecode.c.objc; path = HSYLearningTimeCell.m; sourceTree = "<group>"; };
		147569DF1CA91193009DB7E7 /* AvararIOS.png */ = {isa = PBXFileReference; lastKnownFileType = image.png; path = AvararIOS.png; sourceTree = "<group>"; };
		147569E01CA91193009DB7E7 /* AvatarAndroid.png */ = {isa = PBXFileReference; lastKnownFileType = image.png; path = AvatarAndroid.png; sourceTree = "<group>"; };
		147569E31CA91729009DB7E7 /* HSYLearningTimeHeader.h */ = {isa = PBXFileReference; fileEncoding = 4; lastKnownFileType = sourcecode.c.h; path = HSYLearningTimeHeader.h; sourceTree = "<group>"; };
		147569E41CA91729009DB7E7 /* HSYLearningTimeHeader.m */ = {isa = PBXFileReference; fileEncoding = 4; lastKnownFileType = sourcecode.c.objc; path = HSYLearningTimeHeader.m; sourceTree = "<group>"; };
		147569E61CA92935009DB7E7 /* HSYBaseTableCell.h */ = {isa = PBXFileReference; fileEncoding = 4; lastKnownFileType = sourcecode.c.h; path = HSYBaseTableCell.h; sourceTree = "<group>"; };
		147569E71CA92935009DB7E7 /* HSYBaseTableCell.m */ = {isa = PBXFileReference; fileEncoding = 4; lastKnownFileType = sourcecode.c.objc; path = HSYBaseTableCell.m; sourceTree = "<group>"; };
		8B86759DBF12AF1C212111CF /* Pods.release.xcconfig */ = {isa = PBXFileReference; includeInIndex = 1; lastKnownFileType = text.xcconfig; name = Pods.release.xcconfig; path = "Pods/Target Support Files/Pods/Pods.release.xcconfig"; sourceTree = "<group>"; };
		E8B623B7F92A53061104487D /* Pods.debug.xcconfig */ = {isa = PBXFileReference; includeInIndex = 1; lastKnownFileType = text.xcconfig; name = Pods.debug.xcconfig; path = "Pods/Target Support Files/Pods/Pods.debug.xcconfig"; sourceTree = "<group>"; };
/* End PBXFileReference section */

/* Begin PBXFrameworksBuildPhase section */
		147569321CA520A0009DB7E7 /* Frameworks */ = {
			isa = PBXFrameworksBuildPhase;
			buildActionMask = 2147483647;
			files = (
				37A849702814596453715742 /* libPods.a in Frameworks */,
			);
			runOnlyForDeploymentPostprocessing = 0;
		};
		1475694B1CA520A0009DB7E7 /* Frameworks */ = {
			isa = PBXFrameworksBuildPhase;
			buildActionMask = 2147483647;
			files = (
			);
			runOnlyForDeploymentPostprocessing = 0;
		};
		147569561CA520A0009DB7E7 /* Frameworks */ = {
			isa = PBXFrameworksBuildPhase;
			buildActionMask = 2147483647;
			files = (
			);
			runOnlyForDeploymentPostprocessing = 0;
		};
/* End PBXFrameworksBuildPhase section */

/* Begin PBXGroup section */
		1475692C1CA520A0009DB7E7 = {
			isa = PBXGroup;
			children = (
				147569371CA520A0009DB7E7 /* QianHuoClientIOS */,
				147569511CA520A0009DB7E7 /* QianHuoClientIOSTests */,
				1475695C1CA520A0009DB7E7 /* QianHuoClientIOSUITests */,
				147569361CA520A0009DB7E7 /* Products */,
				B7044197B57E89CA4A40220F /* Pods */,
				E51267ABCAF74380357F1D49 /* Frameworks */,
			);
			sourceTree = "<group>";
		};
		147569361CA520A0009DB7E7 /* Products */ = {
			isa = PBXGroup;
			children = (
				147569351CA520A0009DB7E7 /* QianHuoClientIOS.app */,
				1475694E1CA520A0009DB7E7 /* QianHuoClientIOSTests.xctest */,
				147569591CA520A0009DB7E7 /* QianHuoClientIOSUITests.xctest */,
			);
			name = Products;
			sourceTree = "<group>";
		};
		147569371CA520A0009DB7E7 /* QianHuoClientIOS */ = {
			isa = PBXGroup;
			children = (
				147569C81CA8D232009DB7E7 /* Resource */,
				1475696D1CA53FC7009DB7E7 /* Classes */,
				147569411CA520A0009DB7E7 /* Main.storyboard */,
				147569441CA520A0009DB7E7 /* Assets.xcassets */,
				147569461CA520A0009DB7E7 /* LaunchScreen.storyboard */,
				147569491CA520A0009DB7E7 /* Info.plist */,
				147569381CA520A0009DB7E7 /* Supporting Files */,
			);
			path = QianHuoClientIOS;
			sourceTree = "<group>";
		};
		147569381CA520A0009DB7E7 /* Supporting Files */ = {
			isa = PBXGroup;
			children = (
				147569391CA520A0009DB7E7 /* main.m */,
			);
			name = "Supporting Files";
			sourceTree = "<group>";
		};
		147569511CA520A0009DB7E7 /* QianHuoClientIOSTests */ = {
			isa = PBXGroup;
			children = (
				147569521CA520A0009DB7E7 /* QianHuoClientIOSTests.m */,
				147569541CA520A0009DB7E7 /* Info.plist */,
			);
			path = QianHuoClientIOSTests;
			sourceTree = "<group>";
		};
		1475695C1CA520A0009DB7E7 /* QianHuoClientIOSUITests */ = {
			isa = PBXGroup;
			children = (
				1475695D1CA520A0009DB7E7 /* QianHuoClientIOSUITests.m */,
				1475695F1CA520A0009DB7E7 /* Info.plist */,
			);
			path = QianHuoClientIOSUITests;
			sourceTree = "<group>";
		};
		1475696D1CA53FC7009DB7E7 /* Classes */ = {
			isa = PBXGroup;
			children = (
				1475696E1CA53FC7009DB7E7 /* AppDelegate.h */,
				1475696F1CA53FC7009DB7E7 /* AppDelegate.m */,
				147569701CA53FC7009DB7E7 /* Categorys */,
				147569711CA53FC7009DB7E7 /* Configs */,
				147569721CA53FC7009DB7E7 /* Helpers */,
				147569731CA53FC7009DB7E7 /* Modules */,
				147569741CA53FC7009DB7E7 /* Protocols */,
				147569751CA53FC7009DB7E7 /* ThirdLibs */,
				147569781CA53FC7009DB7E7 /* Widgets */,
			);
			path = Classes;
			sourceTree = "<group>";
		};
		147569701CA53FC7009DB7E7 /* Categorys */ = {
			isa = PBXGroup;
			children = (
				1475697B1CA54155009DB7E7 /* NSString+FY.h */,
				1475697C1CA54155009DB7E7 /* NSString+FY.m */,
				1475697D1CA54155009DB7E7 /* UIColor+FY.h */,
				1475697E1CA54155009DB7E7 /* UIColor+FY.m */,
				1475697F1CA54155009DB7E7 /* UIImage+FY.h */,
				147569801CA54155009DB7E7 /* UIImage+FY.m */,
				147569811CA54155009DB7E7 /* UIScreen+FY.h */,
				147569821CA54155009DB7E7 /* UIScreen+FY.m */,
				147569831CA54155009DB7E7 /* UIView+FY.h */,
				147569841CA54155009DB7E7 /* UIView+FY.m */,
				147569851CA54155009DB7E7 /* UIViewController+FY.h */,
				147569861CA54155009DB7E7 /* UIViewController+FY.m */,
			);
			path = Categorys;
			sourceTree = "<group>";
		};
		147569711CA53FC7009DB7E7 /* Configs */ = {
			isa = PBXGroup;
			children = (
				1475698D1CA5416B009DB7E7 /* FYMacro.h */,
				147569A01CA8C5A8009DB7E7 /* HSYPch.pch */,
				147569A11CA8C6D3009DB7E7 /* HSYConstant.h */,
				147569A21CA8C6D3009DB7E7 /* HSYConstant.m */,
			);
			path = Configs;
			sourceTree = "<group>";
		};
		147569721CA53FC7009DB7E7 /* Helpers */ = {
			isa = PBXGroup;
			children = (
				1475698E1CA54173009DB7E7 /* FYUtils.h */,
				1475698F1CA54173009DB7E7 /* FYUtils.m */,
			);
			path = Helpers;
			sourceTree = "<group>";
		};
		147569731CA53FC7009DB7E7 /* Modules */ = {
			isa = PBXGroup;
			children = (
				147569A41CA8CA03009DB7E7 /* _Base */,
				147569A81CA8CA03009DB7E7 /* _Temp */,
				147569AC1CA8CA03009DB7E7 /* ContentPage */,
				147569B01CA8CA03009DB7E7 /* LearningTimePage */,
				147569B41CA8CA03009DB7E7 /* RestTimePage */,
				147569B81CA8CA03009DB7E7 /* RootPage */,
			);
			path = Modules;
			sourceTree = "<group>";
		};
		147569741CA53FC7009DB7E7 /* Protocols */ = {
			isa = PBXGroup;
			children = (
			);
			path = Protocols;
			sourceTree = "<group>";
		};
		147569751CA53FC7009DB7E7 /* ThirdLibs */ = {
			isa = PBXGroup;
			children = (
			);
			path = ThirdLibs;
			sourceTree = "<group>";
		};
		147569781CA53FC7009DB7E7 /* Widgets */ = {
			isa = PBXGroup;
			children = (
				1475699D1CA8BA19009DB7E7 /* HSYLoading.h */,
				1475699E1CA8BA19009DB7E7 /* HSYLoading.m */,
				147569911CA54186009DB7E7 /* FYLabel.h */,
				147569921CA54186009DB7E7 /* FYLabel.m */,
				147569931CA54186009DB7E7 /* HSYAlertBase.h */,
				147569941CA54186009DB7E7 /* HSYAlertBase.m */,
				147569951CA54186009DB7E7 /* HSYAlertView.h */,
				147569961CA54186009DB7E7 /* HSYAlertView.m */,
				147569971CA54186009DB7E7 /* HSYAttributedString.h */,
				147569981CA54186009DB7E7 /* HSYAttributedString.m */,
			);
			path = Widgets;
			sourceTree = "<group>";
		};
		147569A41CA8CA03009DB7E7 /* _Base */ = {
			isa = PBXGroup;
			children = (
				147569A51CA8CA03009DB7E7 /* Model */,
				147569A61CA8CA03009DB7E7 /* View */,
				147569A71CA8CA03009DB7E7 /* ViewModel */,
			);
			path = _Base;
			sourceTree = "<group>";
		};
		147569A51CA8CA03009DB7E7 /* Model */ = {
			isa = PBXGroup;
			children = (
				147569D31CA8DDBC009DB7E7 /* HSYBaseModel.h */,
				147569D41CA8DDBC009DB7E7 /* HSYBaseModel.m */,
			);
			path = Model;
			sourceTree = "<group>";
		};
		147569A61CA8CA03009DB7E7 /* View */ = {
			isa = PBXGroup;
			children = (
				147569CD1CA8D898009DB7E7 /* HSYBaseController.h */,
				147569CE1CA8D898009DB7E7 /* HSYBaseController.m */,
				147569D01CA8D8C5009DB7E7 /* HSYBaseTableController.h */,
				147569D11CA8D8C5009DB7E7 /* HSYBaseTableController.m */,
				147569E61CA92935009DB7E7 /* HSYBaseTableCell.h */,
				147569E71CA92935009DB7E7 /* HSYBaseTableCell.m */,
			);
			path = View;
			sourceTree = "<group>";
		};
		147569A71CA8CA03009DB7E7 /* ViewModel */ = {
			isa = PBXGroup;
			children = (
				147569D61CA8DDDA009DB7E7 /* HSYBaseViewmodel.h */,
				147569D71CA8DDDA009DB7E7 /* HSYBaseViewmodel.m */,
			);
			path = ViewModel;
			sourceTree = "<group>";
		};
		147569A81CA8CA03009DB7E7 /* _Temp */ = {
			isa = PBXGroup;
			children = (
				147569A91CA8CA03009DB7E7 /* Model */,
				147569AA1CA8CA03009DB7E7 /* View */,
				147569AB1CA8CA03009DB7E7 /* ViewModel */,
			);
			path = _Temp;
			sourceTree = "<group>";
		};
		147569A91CA8CA03009DB7E7 /* Model */ = {
			isa = PBXGroup;
			children = (
			);
			path = Model;
			sourceTree = "<group>";
		};
		147569AA1CA8CA03009DB7E7 /* View */ = {
			isa = PBXGroup;
			children = (
			);
			path = View;
			sourceTree = "<group>";
		};
		147569AB1CA8CA03009DB7E7 /* ViewModel */ = {
			isa = PBXGroup;
			children = (
			);
			path = ViewModel;
			sourceTree = "<group>";
		};
		147569AC1CA8CA03009DB7E7 /* ContentPage */ = {
			isa = PBXGroup;
			children = (
				147569AD1CA8CA03009DB7E7 /* Model */,
				147569AE1CA8CA03009DB7E7 /* View */,
				147569AF1CA8CA03009DB7E7 /* ViewModel */,
			);
			path = ContentPage;
			sourceTree = "<group>";
		};
		147569AD1CA8CA03009DB7E7 /* Model */ = {
			isa = PBXGroup;
			children = (
			);
			path = Model;
			sourceTree = "<group>";
		};
		147569AE1CA8CA03009DB7E7 /* View */ = {
			isa = PBXGroup;
			children = (
			);
			path = View;
			sourceTree = "<group>";
		};
		147569AF1CA8CA03009DB7E7 /* ViewModel */ = {
			isa = PBXGroup;
			children = (
			);
			path = ViewModel;
			sourceTree = "<group>";
		};
		147569B01CA8CA03009DB7E7 /* LearningTimePage */ = {
			isa = PBXGroup;
			children = (
				147569B11CA8CA03009DB7E7 /* Model */,
				147569B21CA8CA03009DB7E7 /* View */,
				147569B31CA8CA03009DB7E7 /* ViewModel */,
			);
			path = LearningTimePage;
			sourceTree = "<group>";
		};
		147569B11CA8CA03009DB7E7 /* Model */ = {
			isa = PBXGroup;
			children = (
			);
			path = Model;
			sourceTree = "<group>";
		};
		147569B21CA8CA03009DB7E7 /* View */ = {
			isa = PBXGroup;
			children = (
				147569C21CA8CDB6009DB7E7 /* HSYLearningTimeController.h */,
				147569C31CA8CDB6009DB7E7 /* HSYLearningTimeController.m */,
				147569DC1CA90074009DB7E7 /* HSYLearningTimeCell.h */,
				147569DD1CA90074009DB7E7 /* HSYLearningTimeCell.m */,
				147569E31CA91729009DB7E7 /* HSYLearningTimeHeader.h */,
				147569E41CA91729009DB7E7 /* HSYLearningTimeHeader.m */,
			);
			path = View;
			sourceTree = "<group>";
		};
		147569B31CA8CA03009DB7E7 /* ViewModel */ = {
			isa = PBXGroup;
			children = (
				147569D91CA8E10A009DB7E7 /* HSYLearningTimeViewmodel.h */,
				147569DA1CA8E10A009DB7E7 /* HSYLearningTimeViewmodel.m */,
			);
			path = ViewModel;
			sourceTree = "<group>";
		};
		147569B41CA8CA03009DB7E7 /* RestTimePage */ = {
			isa = PBXGroup;
			children = (
				147569B51CA8CA03009DB7E7 /* Model */,
				147569B61CA8CA03009DB7E7 /* View */,
				147569B71CA8CA03009DB7E7 /* ViewModel */,
			);
			path = RestTimePage;
			sourceTree = "<group>";
		};
		147569B51CA8CA03009DB7E7 /* Model */ = {
			isa = PBXGroup;
			children = (
			);
			path = Model;
			sourceTree = "<group>";
		};
		147569B61CA8CA03009DB7E7 /* View */ = {
			isa = PBXGroup;
			children = (
				147569C51CA8CDCE009DB7E7 /* HSYRestTimeController.h */,
				147569C61CA8CDCE009DB7E7 /* HSYRestTimeController.m */,
			);
			path = View;
			sourceTree = "<group>";
		};
		147569B71CA8CA03009DB7E7 /* ViewModel */ = {
			isa = PBXGroup;
			children = (
			);
			path = ViewModel;
			sourceTree = "<group>";
		};
		147569B81CA8CA03009DB7E7 /* RootPage */ = {
			isa = PBXGroup;
			children = (
				147569B91CA8CA03009DB7E7 /* Model */,
				147569BA1CA8CA03009DB7E7 /* View */,
				147569BB1CA8CA03009DB7E7 /* ViewModel */,
			);
			path = RootPage;
			sourceTree = "<group>";
		};
		147569B91CA8CA03009DB7E7 /* Model */ = {
			isa = PBXGroup;
			children = (
			);
			path = Model;
			sourceTree = "<group>";
		};
		147569BA1CA8CA03009DB7E7 /* View */ = {
			isa = PBXGroup;
			children = (
				147569BC1CA8CA26009DB7E7 /* HSYRootController.h */,
				147569BD1CA8CA26009DB7E7 /* HSYRootController.m */,
				147569BF1CA8CD69009DB7E7 /* HSYNavigationController.h */,
				147569C01CA8CD69009DB7E7 /* HSYNavigationController.m */,
			);
			path = View;
			sourceTree = "<group>";
		};
		147569BB1CA8CA03009DB7E7 /* ViewModel */ = {
			isa = PBXGroup;
			children = (
			);
			path = ViewModel;
			sourceTree = "<group>";
		};
		147569C81CA8D232009DB7E7 /* Resource */ = {
			isa = PBXGroup;
			children = (
				147569DF1CA91193009DB7E7 /* AvararIOS.png */,
				147569E01CA91193009DB7E7 /* AvatarAndroid.png */,
				147569C91CA8D232009DB7E7 /* TabbarLearnTime.png */,
				147569CA1CA8D232009DB7E7 /* TabbarRestTime.png */,
			);
			path = Resource;
			sourceTree = "<group>";
		};
		B7044197B57E89CA4A40220F /* Pods */ = {
			isa = PBXGroup;
			children = (
				E8B623B7F92A53061104487D /* Pods.debug.xcconfig */,
				8B86759DBF12AF1C212111CF /* Pods.release.xcconfig */,
			);
			name = Pods;
			sourceTree = "<group>";
		};
		E51267ABCAF74380357F1D49 /* Frameworks */ = {
			isa = PBXGroup;
			children = (
				03DAC4DD205D78414B37B47C /* libPods.a */,
			);
			name = Frameworks;
			sourceTree = "<group>";
		};
/* End PBXGroup section */

/* Begin PBXNativeTarget section */
		147569341CA520A0009DB7E7 /* QianHuoClientIOS */ = {
			isa = PBXNativeTarget;
			buildConfigurationList = 147569621CA520A0009DB7E7 /* Build configuration list for PBXNativeTarget "QianHuoClientIOS" */;
			buildPhases = (
				9820E26A63D2E9A020FB2A83 /* Check Pods Manifest.lock */,
				147569311CA520A0009DB7E7 /* Sources */,
				147569321CA520A0009DB7E7 /* Frameworks */,
				147569331CA520A0009DB7E7 /* Resources */,
				140D0E51EAF0A2F70DAD1493 /* Embed Pods Frameworks */,
				73F7D00765CB9B29589F0769 /* Copy Pods Resources */,
			);
			buildRules = (
			);
			dependencies = (
			);
			name = QianHuoClientIOS;
			productName = QianHuoClientIOS;
			productReference = 147569351CA520A0009DB7E7 /* QianHuoClientIOS.app */;
			productType = "com.apple.product-type.application";
		};
		1475694D1CA520A0009DB7E7 /* QianHuoClientIOSTests */ = {
			isa = PBXNativeTarget;
			buildConfigurationList = 147569651CA520A0009DB7E7 /* Build configuration list for PBXNativeTarget "QianHuoClientIOSTests" */;
			buildPhases = (
				1475694A1CA520A0009DB7E7 /* Sources */,
				1475694B1CA520A0009DB7E7 /* Frameworks */,
				1475694C1CA520A0009DB7E7 /* Resources */,
			);
			buildRules = (
			);
			dependencies = (
				147569501CA520A0009DB7E7 /* PBXTargetDependency */,
			);
			name = QianHuoClientIOSTests;
			productName = QianHuoClientIOSTests;
			productReference = 1475694E1CA520A0009DB7E7 /* QianHuoClientIOSTests.xctest */;
			productType = "com.apple.product-type.bundle.unit-test";
		};
		147569581CA520A0009DB7E7 /* QianHuoClientIOSUITests */ = {
			isa = PBXNativeTarget;
			buildConfigurationList = 147569681CA520A0009DB7E7 /* Build configuration list for PBXNativeTarget "QianHuoClientIOSUITests" */;
			buildPhases = (
				147569551CA520A0009DB7E7 /* Sources */,
				147569561CA520A0009DB7E7 /* Frameworks */,
				147569571CA520A0009DB7E7 /* Resources */,
			);
			buildRules = (
			);
			dependencies = (
				1475695B1CA520A0009DB7E7 /* PBXTargetDependency */,
			);
			name = QianHuoClientIOSUITests;
			productName = QianHuoClientIOSUITests;
			productReference = 147569591CA520A0009DB7E7 /* QianHuoClientIOSUITests.xctest */;
			productType = "com.apple.product-type.bundle.ui-testing";
		};
/* End PBXNativeTarget section */

/* Begin PBXProject section */
		1475692D1CA520A0009DB7E7 /* Project object */ = {
			isa = PBXProject;
			attributes = {
				LastUpgradeCheck = 0720;
				ORGANIZATIONNAME = deeepthinking;
				TargetAttributes = {
					147569341CA520A0009DB7E7 = {
						CreatedOnToolsVersion = 7.2.1;
					};
					1475694D1CA520A0009DB7E7 = {
						CreatedOnToolsVersion = 7.2.1;
						TestTargetID = 147569341CA520A0009DB7E7;
					};
					147569581CA520A0009DB7E7 = {
						CreatedOnToolsVersion = 7.2.1;
						TestTargetID = 147569341CA520A0009DB7E7;
					};
				};
			};
			buildConfigurationList = 147569301CA520A0009DB7E7 /* Build configuration list for PBXProject "QianHuoClientIOS" */;
			compatibilityVersion = "Xcode 3.2";
			developmentRegion = English;
			hasScannedForEncodings = 0;
			knownRegions = (
				en,
				Base,
			);
			mainGroup = 1475692C1CA520A0009DB7E7;
			productRefGroup = 147569361CA520A0009DB7E7 /* Products */;
			projectDirPath = "";
			projectRoot = "";
			targets = (
				147569341CA520A0009DB7E7 /* QianHuoClientIOS */,
				1475694D1CA520A0009DB7E7 /* QianHuoClientIOSTests */,
				147569581CA520A0009DB7E7 /* QianHuoClientIOSUITests */,
			);
		};
/* End PBXProject section */

/* Begin PBXResourcesBuildPhase section */
		147569331CA520A0009DB7E7 /* Resources */ = {
			isa = PBXResourcesBuildPhase;
			buildActionMask = 2147483647;
			files = (
				147569E11CA91193009DB7E7 /* AvararIOS.png in Resources */,
				147569481CA520A0009DB7E7 /* LaunchScreen.storyboard in Resources */,
				147569451CA520A0009DB7E7 /* Assets.xcassets in Resources */,
				147569E21CA91193009DB7E7 /* AvatarAndroid.png in Resources */,
				147569CC1CA8D232009DB7E7 /* TabbarRestTime.png in Resources */,
				147569431CA520A0009DB7E7 /* Main.storyboard in Resources */,
				147569CB1CA8D232009DB7E7 /* TabbarLearnTime.png in Resources */,
			);
			runOnlyForDeploymentPostprocessing = 0;
		};
		1475694C1CA520A0009DB7E7 /* Resources */ = {
			isa = PBXResourcesBuildPhase;
			buildActionMask = 2147483647;
			files = (
			);
			runOnlyForDeploymentPostprocessing = 0;
		};
		147569571CA520A0009DB7E7 /* Resources */ = {
			isa = PBXResourcesBuildPhase;
			buildActionMask = 2147483647;
			files = (
			);
			runOnlyForDeploymentPostprocessing = 0;
		};
/* End PBXResourcesBuildPhase section */

/* Begin PBXShellScriptBuildPhase section */
		140D0E51EAF0A2F70DAD1493 /* Embed Pods Frameworks */ = {
			isa = PBXShellScriptBuildPhase;
			buildActionMask = 2147483647;
			files = (
			);
			inputPaths = (
			);
			name = "Embed Pods Frameworks";
			outputPaths = (
			);
			runOnlyForDeploymentPostprocessing = 0;
			shellPath = /bin/sh;
			shellScript = "\"${SRCROOT}/Pods/Target Support Files/Pods/Pods-frameworks.sh\"\n";
			showEnvVarsInLog = 0;
		};
		73F7D00765CB9B29589F0769 /* Copy Pods Resources */ = {
			isa = PBXShellScriptBuildPhase;
			buildActionMask = 2147483647;
			files = (
			);
			inputPaths = (
			);
			name = "Copy Pods Resources";
			outputPaths = (
			);
			runOnlyForDeploymentPostprocessing = 0;
			shellPath = /bin/sh;
			shellScript = "\"${SRCROOT}/Pods/Target Support Files/Pods/Pods-resources.sh\"\n";
			showEnvVarsInLog = 0;
		};
		9820E26A63D2E9A020FB2A83 /* Check Pods Manifest.lock */ = {
			isa = PBXShellScriptBuildPhase;
			buildActionMask = 2147483647;
			files = (
			);
			inputPaths = (
			);
			name = "Check Pods Manifest.lock";
			outputPaths = (
			);
			runOnlyForDeploymentPostprocessing = 0;
			shellPath = /bin/sh;
			shellScript = "diff \"${PODS_ROOT}/../Podfile.lock\" \"${PODS_ROOT}/Manifest.lock\" > /dev/null\nif [[ $? != 0 ]] ; then\n    cat << EOM\nerror: The sandbox is not in sync with the Podfile.lock. Run 'pod install' or update your CocoaPods installation.\nEOM\n    exit 1\nfi\n";
			showEnvVarsInLog = 0;
		};
/* End PBXShellScriptBuildPhase section */

/* Begin PBXSourcesBuildPhase section */
		147569311CA520A0009DB7E7 /* Sources */ = {
			isa = PBXSourcesBuildPhase;
			buildActionMask = 2147483647;
			files = (
				1475699B1CA54186009DB7E7 /* HSYAlertView.m in Sources */,
				147569C41CA8CDB6009DB7E7 /* HSYLearningTimeController.m in Sources */,
				1475699C1CA54186009DB7E7 /* HSYAttributedString.m in Sources */,
				147569891CA54155009DB7E7 /* UIImage+FY.m in Sources */,
				147569DE1CA90074009DB7E7 /* HSYLearningTimeCell.m in Sources */,
				1475698B1CA54155009DB7E7 /* UIView+FY.m in Sources */,
				147569791CA53FC7009DB7E7 /* AppDelegate.m in Sources */,
				147569A31CA8C6D3009DB7E7 /* HSYConstant.m in Sources */,
				147569871CA54155009DB7E7 /* NSString+FY.m in Sources */,
				147569991CA54186009DB7E7 /* FYLabel.m in Sources */,
				147569E51CA91729009DB7E7 /* HSYLearningTimeHeader.m in Sources */,
				147569C71CA8CDCE009DB7E7 /* HSYRestTimeController.m in Sources */,
				1475698C1CA54155009DB7E7 /* UIViewController+FY.m in Sources */,
				147569901CA54173009DB7E7 /* FYUtils.m in Sources */,
				147569DB1CA8E10A009DB7E7 /* HSYLearningTimeViewmodel.m in Sources */,
				1475699F1CA8BA19009DB7E7 /* HSYLoading.m in Sources */,
				147569D21CA8D8C5009DB7E7 /* HSYBaseTableController.m in Sources */,
				147569CF1CA8D898009DB7E7 /* HSYBaseController.m in Sources */,
				147569D51CA8DDBC009DB7E7 /* HSYBaseModel.m in Sources */,
				147569BE1CA8CA26009DB7E7 /* HSYRootController.m in Sources */,
				1475699A1CA54186009DB7E7 /* HSYAlertBase.m in Sources */,
				1475693A1CA520A0009DB7E7 /* main.m in Sources */,
				147569C11CA8CD69009DB7E7 /* HSYNavigationController.m in Sources */,
				147569E81CA92935009DB7E7 /* HSYBaseTableCell.m in Sources */,
				1475698A1CA54155009DB7E7 /* UIScreen+FY.m in Sources */,
				147569D81CA8DDDA009DB7E7 /* HSYBaseViewmodel.m in Sources */,
				147569881CA54155009DB7E7 /* UIColor+FY.m in Sources */,
			);
			runOnlyForDeploymentPostprocessing = 0;
		};
		1475694A1CA520A0009DB7E7 /* Sources */ = {
			isa = PBXSourcesBuildPhase;
			buildActionMask = 2147483647;
			files = (
				147569531CA520A0009DB7E7 /* QianHuoClientIOSTests.m in Sources */,
			);
			runOnlyForDeploymentPostprocessing = 0;
		};
		147569551CA520A0009DB7E7 /* Sources */ = {
			isa = PBXSourcesBuildPhase;
			buildActionMask = 2147483647;
			files = (
				1475695E1CA520A0009DB7E7 /* QianHuoClientIOSUITests.m in Sources */,
			);
			runOnlyForDeploymentPostprocessing = 0;
		};
/* End PBXSourcesBuildPhase section */

/* Begin PBXTargetDependency section */
		147569501CA520A0009DB7E7 /* PBXTargetDependency */ = {
			isa = PBXTargetDependency;
			target = 147569341CA520A0009DB7E7 /* QianHuoClientIOS */;
			targetProxy = 1475694F1CA520A0009DB7E7 /* PBXContainerItemProxy */;
		};
		1475695B1CA520A0009DB7E7 /* PBXTargetDependency */ = {
			isa = PBXTargetDependency;
			target = 147569341CA520A0009DB7E7 /* QianHuoClientIOS */;
			targetProxy = 1475695A1CA520A0009DB7E7 /* PBXContainerItemProxy */;
		};
/* End PBXTargetDependency section */

/* Begin PBXVariantGroup section */
		147569411CA520A0009DB7E7 /* Main.storyboard */ = {
			isa = PBXVariantGroup;
			children = (
				147569421CA520A0009DB7E7 /* Base */,
			);
			name = Main.storyboard;
			sourceTree = "<group>";
		};
		147569461CA520A0009DB7E7 /* LaunchScreen.storyboard */ = {
			isa = PBXVariantGroup;
			children = (
				147569471CA520A0009DB7E7 /* Base */,
			);
			name = LaunchScreen.storyboard;
			sourceTree = "<group>";
		};
/* End PBXVariantGroup section */

/* Begin XCBuildConfiguration section */
		147569601CA520A0009DB7E7 /* Debug */ = {
			isa = XCBuildConfiguration;
			buildSettings = {
				ALWAYS_SEARCH_USER_PATHS = NO;
				CLANG_CXX_LANGUAGE_STANDARD = "gnu++0x";
				CLANG_CXX_LIBRARY = "libc++";
				CLANG_ENABLE_MODULES = YES;
				CLANG_ENABLE_OBJC_ARC = YES;
				CLANG_WARN_BOOL_CONVERSION = YES;
				CLANG_WARN_CONSTANT_CONVERSION = YES;
				CLANG_WARN_DIRECT_OBJC_ISA_USAGE = YES_ERROR;
				CLANG_WARN_EMPTY_BODY = YES;
				CLANG_WARN_ENUM_CONVERSION = YES;
				CLANG_WARN_INT_CONVERSION = YES;
				CLANG_WARN_OBJC_ROOT_CLASS = YES_ERROR;
				CLANG_WARN_UNREACHABLE_CODE = YES;
				CLANG_WARN__DUPLICATE_METHOD_MATCH = YES;
				"CODE_SIGN_IDENTITY[sdk=iphoneos*]" = "iPhone Developer";
				COPY_PHASE_STRIP = NO;
				DEBUG_INFORMATION_FORMAT = dwarf;
				ENABLE_STRICT_OBJC_MSGSEND = YES;
				ENABLE_TESTABILITY = YES;
				GCC_C_LANGUAGE_STANDARD = gnu99;
				GCC_DYNAMIC_NO_PIC = NO;
				GCC_NO_COMMON_BLOCKS = YES;
				GCC_OPTIMIZATION_LEVEL = 0;
				GCC_PREPROCESSOR_DEFINITIONS = (
					"DEBUG=1",
					"$(inherited)",
				);
				GCC_WARN_64_TO_32_BIT_CONVERSION = YES;
				GCC_WARN_ABOUT_RETURN_TYPE = YES_ERROR;
				GCC_WARN_UNDECLARED_SELECTOR = YES;
				GCC_WARN_UNINITIALIZED_AUTOS = YES_AGGRESSIVE;
				GCC_WARN_UNUSED_FUNCTION = YES;
				GCC_WARN_UNUSED_VARIABLE = YES;
				IPHONEOS_DEPLOYMENT_TARGET = 9.2;
				MTL_ENABLE_DEBUG_INFO = YES;
				ONLY_ACTIVE_ARCH = YES;
				SDKROOT = iphoneos;
				TARGETED_DEVICE_FAMILY = "1,2";
			};
			name = Debug;
		};
		147569611CA520A0009DB7E7 /* Release */ = {
			isa = XCBuildConfiguration;
			buildSettings = {
				ALWAYS_SEARCH_USER_PATHS = NO;
				CLANG_CXX_LANGUAGE_STANDARD = "gnu++0x";
				CLANG_CXX_LIBRARY = "libc++";
				CLANG_ENABLE_MODULES = YES;
				CLANG_ENABLE_OBJC_ARC = YES;
				CLANG_WARN_BOOL_CONVERSION = YES;
				CLANG_WARN_CONSTANT_CONVERSION = YES;
				CLANG_WARN_DIRECT_OBJC_ISA_USAGE = YES_ERROR;
				CLANG_WARN_EMPTY_BODY = YES;
				CLANG_WARN_ENUM_CONVERSION = YES;
				CLANG_WARN_INT_CONVERSION = YES;
				CLANG_WARN_OBJC_ROOT_CLASS = YES_ERROR;
				CLANG_WARN_UNREACHABLE_CODE = YES;
				CLANG_WARN__DUPLICATE_METHOD_MATCH = YES;
				"CODE_SIGN_IDENTITY[sdk=iphoneos*]" = "iPhone Developer";
				COPY_PHASE_STRIP = NO;
				DEBUG_INFORMATION_FORMAT = "dwarf-with-dsym";
				ENABLE_NS_ASSERTIONS = NO;
				ENABLE_STRICT_OBJC_MSGSEND = YES;
				GCC_C_LANGUAGE_STANDARD = gnu99;
				GCC_NO_COMMON_BLOCKS = YES;
				GCC_WARN_64_TO_32_BIT_CONVERSION = YES;
				GCC_WARN_ABOUT_RETURN_TYPE = YES_ERROR;
				GCC_WARN_UNDECLARED_SELECTOR = YES;
				GCC_WARN_UNINITIALIZED_AUTOS = YES_AGGRESSIVE;
				GCC_WARN_UNUSED_FUNCTION = YES;
				GCC_WARN_UNUSED_VARIABLE = YES;
				IPHONEOS_DEPLOYMENT_TARGET = 9.2;
				MTL_ENABLE_DEBUG_INFO = NO;
				SDKROOT = iphoneos;
				TARGETED_DEVICE_FAMILY = "1,2";
				VALIDATE_PRODUCT = YES;
			};
			name = Release;
		};
		147569631CA520A0009DB7E7 /* Debug */ = {
			isa = XCBuildConfiguration;
			baseConfigurationReference = E8B623B7F92A53061104487D /* Pods.debug.xcconfig */;
			buildSettings = {
				ASSETCATALOG_COMPILER_APPICON_NAME = AppIcon;
				GCC_PREFIX_HEADER = "$(SRCROOT)/QianHuoClientIOS/Classes/Configs/HSYPch.pch";
				INFOPLIST_FILE = QianHuoClientIOS/Info.plist;
				IPHONEOS_DEPLOYMENT_TARGET = 7.1;
				LD_RUNPATH_SEARCH_PATHS = "$(inherited) @executable_path/Frameworks";
				PRODUCT_BUNDLE_IDENTIFIER = com.deeepthinking.QianHuoClientIOS;
				PRODUCT_NAME = "$(TARGET_NAME)";
			};
			name = Debug;
		};
		147569641CA520A0009DB7E7 /* Release */ = {
			isa = XCBuildConfiguration;
			baseConfigurationReference = 8B86759DBF12AF1C212111CF /* Pods.release.xcconfig */;
			buildSettings = {
				ASSETCATALOG_COMPILER_APPICON_NAME = AppIcon;
				GCC_PREFIX_HEADER = "$(SRCROOT)/QianHuoClientIOS/Classes/Configs/HSYPch.pch";
				INFOPLIST_FILE = QianHuoClientIOS/Info.plist;
				IPHONEOS_DEPLOYMENT_TARGET = 7.1;
				LD_RUNPATH_SEARCH_PATHS = "$(inherited) @executable_path/Frameworks";
				PRODUCT_BUNDLE_IDENTIFIER = com.deeepthinking.QianHuoClientIOS;
				PRODUCT_NAME = "$(TARGET_NAME)";
			};
			name = Release;
		};
		147569661CA520A0009DB7E7 /* Debug */ = {
			isa = XCBuildConfiguration;
			buildSettings = {
				BUNDLE_LOADER = "$(TEST_HOST)";
				INFOPLIST_FILE = QianHuoClientIOSTests/Info.plist;
				LD_RUNPATH_SEARCH_PATHS = "$(inherited) @executable_path/Frameworks @loader_path/Frameworks";
				PRODUCT_BUNDLE_IDENTIFIER = com.deeepthinking.QianHuoClientIOSTests;
				PRODUCT_NAME = "$(TARGET_NAME)";
				TEST_HOST = "$(BUILT_PRODUCTS_DIR)/QianHuoClientIOS.app/QianHuoClientIOS";
			};
			name = Debug;
		};
		147569671CA520A0009DB7E7 /* Release */ = {
			isa = XCBuildConfiguration;
			buildSettings = {
				BUNDLE_LOADER = "$(TEST_HOST)";
				INFOPLIST_FILE = QianHuoClientIOSTests/Info.plist;
				LD_RUNPATH_SEARCH_PATHS = "$(inherited) @executable_path/Frameworks @loader_path/Frameworks";
				PRODUCT_BUNDLE_IDENTIFIER = com.deeepthinking.QianHuoClientIOSTests;
				PRODUCT_NAME = "$(TARGET_NAME)";
				TEST_HOST = "$(BUILT_PRODUCTS_DIR)/QianHuoClientIOS.app/QianHuoClientIOS";
			};
			name = Release;
		};
		147569691CA520A0009DB7E7 /* Debug */ = {
			isa = XCBuildConfiguration;
			buildSettings = {
				INFOPLIST_FILE = QianHuoClientIOSUITests/Info.plist;
				LD_RUNPATH_SEARCH_PATHS = "$(inherited) @executable_path/Frameworks @loader_path/Frameworks";
				PRODUCT_BUNDLE_IDENTIFIER = com.deeepthinking.QianHuoClientIOSUITests;
				PRODUCT_NAME = "$(TARGET_NAME)";
				TEST_TARGET_NAME = QianHuoClientIOS;
				USES_XCTRUNNER = YES;
			};
			name = Debug;
		};
		1475696A1CA520A0009DB7E7 /* Release */ = {
			isa = XCBuildConfiguration;
			buildSettings = {
				INFOPLIST_FILE = QianHuoClientIOSUITests/Info.plist;
				LD_RUNPATH_SEARCH_PATHS = "$(inherited) @executable_path/Frameworks @loader_path/Frameworks";
				PRODUCT_BUNDLE_IDENTIFIER = com.deeepthinking.QianHuoClientIOSUITests;
				PRODUCT_NAME = "$(TARGET_NAME)";
				TEST_TARGET_NAME = QianHuoClientIOS;
				USES_XCTRUNNER = YES;
			};
			name = Release;
		};
/* End XCBuildConfiguration section */

/* Begin XCConfigurationList section */
		147569301CA520A0009DB7E7 /* Build configuration list for PBXProject "QianHuoClientIOS" */ = {
			isa = XCConfigurationList;
			buildConfigurations = (
				147569601CA520A0009DB7E7 /* Debug */,
				147569611CA520A0009DB7E7 /* Release */,
			);
			defaultConfigurationIsVisible = 0;
			defaultConfigurationName = Release;
		};
		147569621CA520A0009DB7E7 /* Build configuration list for PBXNativeTarget "QianHuoClientIOS" */ = {
			isa = XCConfigurationList;
			buildConfigurations = (
				147569631CA520A0009DB7E7 /* Debug */,
				147569641CA520A0009DB7E7 /* Release */,
			);
			defaultConfigurationIsVisible = 0;
			defaultConfigurationName = Release;
		};
		147569651CA520A0009DB7E7 /* Build configuration list for PBXNativeTarget "QianHuoClientIOSTests" */ = {
			isa = XCConfigurationList;
			buildConfigurations = (
				147569661CA520A0009DB7E7 /* Debug */,
				147569671CA520A0009DB7E7 /* Release */,
			);
			defaultConfigurationIsVisible = 0;
			defaultConfigurationName = Release;
		};
		147569681CA520A0009DB7E7 /* Build configuration list for PBXNativeTarget "QianHuoClientIOSUITests" */ = {
			isa = XCConfigurationList;
			buildConfigurations = (
				147569691CA520A0009DB7E7 /* Debug */,
				1475696A1CA520A0009DB7E7 /* Release */,
			);
			defaultConfigurationIsVisible = 0;
			defaultConfigurationName = Release;
		};
/* End XCConfigurationList section */
	};
	rootObject = 1475692D1CA520A0009DB7E7 /* Project object */;
}
