// !$*UTF8*$!
{
	archiveVersion = 1;
	classes = {
	};
	objectVersion = 46;
	objects = {

/* Begin PBXBuildFile section */
		143A409B1CAA9E84007C0B9F /* FYLog.m in Sources */ = {isa = PBXBuildFile; fileRef = 143A409A1CAA9E84007C0B9F /* FYLog.m */; };
		143A409E1CABABBA007C0B9F /* HSYUserDefaults.m in Sources */ = {isa = PBXBuildFile; fileRef = 143A409D1CABABBA007C0B9F /* HSYUserDefaults.m */; };
		143A40A11CABB254007C0B9F /* HSYDBHelper.m in Sources */ = {isa = PBXBuildFile; fileRef = 143A40A01CABB254007C0B9F /* HSYDBHelper.m */; };
		143A40A41CABB496007C0B9F /* HSYDBColumn.m in Sources */ = {isa = PBXBuildFile; fileRef = 143A40A31CABB496007C0B9F /* HSYDBColumn.m */; };
		143A40B01CABC70B007C0B9F /* JKDBHelper.m in Sources */ = {isa = PBXBuildFile; fileRef = 143A40AD1CABC70B007C0B9F /* JKDBHelper.m */; };
		143A40B11CABC70B007C0B9F /* JKDBModel.m in Sources */ = {isa = PBXBuildFile; fileRef = 143A40AF1CABC70B007C0B9F /* JKDBModel.m */; };
		143A40B71CACC02D007C0B9F /* FYHintLayer.m in Sources */ = {isa = PBXBuildFile; fileRef = 143A40B61CACC02D007C0B9F /* FYHintLayer.m */; };
		143A40BA1CACC1B5007C0B9F /* FYTimer.m in Sources */ = {isa = PBXBuildFile; fileRef = 143A40B91CACC1B5007C0B9F /* FYTimer.m */; };
		143A40CF1CACC5FF007C0B9F /* HSYLearningDateModel.m in Sources */ = {isa = PBXBuildFile; fileRef = 143A40C01CACC5FF007C0B9F /* HSYLearningDateModel.m */; };
		143A40D21CACC5FF007C0B9F /* HSYLearningController.m in Sources */ = {isa = PBXBuildFile; fileRef = 143A40C81CACC5FF007C0B9F /* HSYLearningController.m */; };
		143A40D41CACC5FF007C0B9F /* HSYLearningViewmodel.m in Sources */ = {isa = PBXBuildFile; fileRef = 143A40CD1CACC5FF007C0B9F /* HSYLearningViewmodel.m */; };
		143A40DB1CACC61A007C0B9F /* HSYRestController.m in Sources */ = {isa = PBXBuildFile; fileRef = 143A40D91CACC61A007C0B9F /* HSYRestController.m */; };
		143A40DE1CACC6CE007C0B9F /* HSYContentController.m in Sources */ = {isa = PBXBuildFile; fileRef = 143A40DD1CACC6CE007C0B9F /* HSYContentController.m */; };
		143A40E11CACC76F007C0B9F /* HSYContentViewmodel.m in Sources */ = {isa = PBXBuildFile; fileRef = 143A40E01CACC76F007C0B9F /* HSYContentViewmodel.m */; };
		143A40E41CAD0B71007C0B9F /* UIWebView+FY.m in Sources */ = {isa = PBXBuildFile; fileRef = 143A40E31CAD0B71007C0B9F /* UIWebView+FY.m */; };
		143A40E71CAD1606007C0B9F /* WebBack.png in Resources */ = {isa = PBXBuildFile; fileRef = 143A40E51CAD1606007C0B9F /* WebBack.png */; };
		143A40E81CAD1606007C0B9F /* WebForward.png in Resources */ = {isa = PBXBuildFile; fileRef = 143A40E61CAD1606007C0B9F /* WebForward.png */; };
		143A40EB1CAD2375007C0B9F /* WebBackNormal.png in Resources */ = {isa = PBXBuildFile; fileRef = 143A40E91CAD2375007C0B9F /* WebBackNormal.png */; };
		143A40EC1CAD2375007C0B9F /* WebForwardNormal.png in Resources */ = {isa = PBXBuildFile; fileRef = 143A40EA1CAD2375007C0B9F /* WebForwardNormal.png */; };
		143A40F11CADF167007C0B9F /* HSYLoadingManage.m in Sources */ = {isa = PBXBuildFile; fileRef = 143A40F01CADF167007C0B9F /* HSYLoadingManage.m */; };
		143A40F71CADFE49007C0B9F /* AvatarResource.png in Resources */ = {isa = PBXBuildFile; fileRef = 143A40F61CADFE49007C0B9F /* AvatarResource.png */; };
		143A40F91CADFFAD007C0B9F /* AvatarIntroduce.png in Resources */ = {isa = PBXBuildFile; fileRef = 143A40F81CADFFAD007C0B9F /* AvatarIntroduce.png */; };
		143A40FD1CAE016D007C0B9F /* AvatarApp.png in Resources */ = {isa = PBXBuildFile; fileRef = 143A40FC1CAE016D007C0B9F /* AvatarApp.png */; };
		143A40FF1CAE0300007C0B9F /* AvatarHtml.png in Resources */ = {isa = PBXBuildFile; fileRef = 143A40FE1CAE0300007C0B9F /* AvatarHtml.png */; };
		143A41011CAE0E35007C0B9F /* AvatarAndroid.png in Resources */ = {isa = PBXBuildFile; fileRef = 143A41001CAE0E35007C0B9F /* AvatarAndroid.png */; };
		143A410B1CAE14EF007C0B9F /* TabbarLearn@2x.png in Resources */ = {isa = PBXBuildFile; fileRef = 143A410A1CAE14EF007C0B9F /* TabbarLearn@2x.png */; };
		143A410D1CAE1547007C0B9F /* TabbarRest@2x.png in Resources */ = {isa = PBXBuildFile; fileRef = 143A410C1CAE1547007C0B9F /* TabbarRest@2x.png */; };
		143A410F1CAE18CE007C0B9F /* AvatarVedio.png in Resources */ = {isa = PBXBuildFile; fileRef = 143A410E1CAE18CE007C0B9F /* AvatarVedio.png */; };
		143A41181CAE1B0D007C0B9F /* HSYRestDateModel.m in Sources */ = {isa = PBXBuildFile; fileRef = 143A41171CAE1B0D007C0B9F /* HSYRestDateModel.m */; };
		143A411B1CAE1E51007C0B9F /* HSYRestViewmodel.m in Sources */ = {isa = PBXBuildFile; fileRef = 143A411A1CAE1E51007C0B9F /* HSYRestViewmodel.m */; };
		143A411E1CAE2296007C0B9F /* HSYRestFuliCell.m in Sources */ = {isa = PBXBuildFile; fileRef = 143A411D1CAE2296007C0B9F /* HSYRestFuliCell.m */; };
		143A41281CAE41EE007C0B9F /* HSYCommonCell.m in Sources */ = {isa = PBXBuildFile; fileRef = 143A41271CAE41EE007C0B9F /* HSYCommonCell.m */; };
		143A412B1CAE4224007C0B9F /* HSYCommonHeader.m in Sources */ = {isa = PBXBuildFile; fileRef = 143A412A1CAE4224007C0B9F /* HSYCommonHeader.m */; };
		143A41311CAE641D007C0B9F /* WFWebImageShowView.m in Sources */ = {isa = PBXBuildFile; fileRef = 143A41301CAE641D007C0B9F /* WFWebImageShowView.m */; };
		143A41331CAE650C007C0B9F /* Placeholder@2x.png in Resources */ = {isa = PBXBuildFile; fileRef = 143A41321CAE650C007C0B9F /* Placeholder@2x.png */; };
		143A413C1CAE6E0A007C0B9F /* MHFacebookImageViewer.m in Sources */ = {isa = PBXBuildFile; fileRef = 143A41361CAE6E0A007C0B9F /* MHFacebookImageViewer.m */; };
		143A413D1CAE6E0A007C0B9F /* Done.png in Resources */ = {isa = PBXBuildFile; fileRef = 143A41381CAE6E0A007C0B9F /* Done.png */; };
		143A413E1CAE6E0A007C0B9F /* Done@2x.png in Resources */ = {isa = PBXBuildFile; fileRef = 143A41391CAE6E0A007C0B9F /* Done@2x.png */; };
		143A413F1CAE6E0A007C0B9F /* UIImageView+MHFacebookImageViewer.m in Sources */ = {isa = PBXBuildFile; fileRef = 143A413B1CAE6E0A007C0B9F /* UIImageView+MHFacebookImageViewer.m */; };
		143A41421CAE758A007C0B9F /* WFLaunchController.m in Sources */ = {isa = PBXBuildFile; fileRef = 143A41411CAE758A007C0B9F /* WFLaunchController.m */; };
		143A41481CAE7A1A007C0B9F /* Logo.png in Resources */ = {isa = PBXBuildFile; fileRef = 143A41471CAE7A1A007C0B9F /* Logo.png */; };
		143A414E1CAE7CAA007C0B9F /* Icon60@3x.png in Resources */ = {isa = PBXBuildFile; fileRef = 143A414D1CAE7CAA007C0B9F /* Icon60@3x.png */; };
		143A41501CAE7E57007C0B9F /* Icon60@2x.png in Resources */ = {isa = PBXBuildFile; fileRef = 143A414F1CAE7E57007C0B9F /* Icon60@2x.png */; };
		143A41541CAE9997007C0B9F /* LaunchFirst.png in Resources */ = {isa = PBXBuildFile; fileRef = 143A41531CAE9997007C0B9F /* LaunchFirst.png */; };
		143A41581CAE9A54007C0B9F /* LaunchSecond.png in Resources */ = {isa = PBXBuildFile; fileRef = 143A41571CAE9A54007C0B9F /* LaunchSecond.png */; };
		143A415C1CB349BF007C0B9F /* ReturnToTop.png in Resources */ = {isa = PBXBuildFile; fileRef = 143A415B1CB349BF007C0B9F /* ReturnToTop.png */; };
		144593AA1CB4A4300065F659 /* BlurEffect.png in Resources */ = {isa = PBXBuildFile; fileRef = 144593A91CB4A4300065F659 /* BlurEffect.png */; };
		1475693A1CA520A0009DB7E7 /* main.m in Sources */ = {isa = PBXBuildFile; fileRef = 147569391CA520A0009DB7E7 /* main.m */; };
		147569431CA520A0009DB7E7 /* Main.storyboard in Resources */ = {isa = PBXBuildFile; fileRef = 147569411CA520A0009DB7E7 /* Main.storyboard */; };
		147569451CA520A0009DB7E7 /* Assets.xcassets in Resources */ = {isa = PBXBuildFile; fileRef = 147569441CA520A0009DB7E7 /* Assets.xcassets */; };
		147569481CA520A0009DB7E7 /* LaunchScreen.storyboard in Resources */ = {isa = PBXBuildFile; fileRef = 147569461CA520A0009DB7E7 /* LaunchScreen.storyboard */; };
		147569531CA520A0009DB7E7 /* QianHuoClientIOSTests.m in Sources */ = {isa = PBXBuildFile; fileRef = 147569521CA520A0009DB7E7 /* QianHuoClientIOSTests.m */; };
		1475695E1CA520A0009DB7E7 /* QianHuoClientIOSUITests.m in Sources */ = {isa = PBXBuildFile; fileRef = 1475695D1CA520A0009DB7E7 /* QianHuoClientIOSUITests.m */; };
		147569791CA53FC7009DB7E7 /* AppDelegate.m in Sources */ = {isa = PBXBuildFile; fileRef = 1475696F1CA53FC7009DB7E7 /* AppDelegate.m */; };
		147569871CA54155009DB7E7 /* NSString+FY.m in Sources */ = {isa = PBXBuildFile; fileRef = 1475697C1CA54155009DB7E7 /* NSString+FY.m */; };
		147569881CA54155009DB7E7 /* UIColor+FY.m in Sources */ = {isa = PBXBuildFile; fileRef = 1475697E1CA54155009DB7E7 /* UIColor+FY.m */; };
		147569891CA54155009DB7E7 /* UIImage+FY.m in Sources */ = {isa = PBXBuildFile; fileRef = 147569801CA54155009DB7E7 /* UIImage+FY.m */; };
		1475698A1CA54155009DB7E7 /* UIScreen+FY.m in Sources */ = {isa = PBXBuildFile; fileRef = 147569821CA54155009DB7E7 /* UIScreen+FY.m */; };
		1475698B1CA54155009DB7E7 /* UIView+FY.m in Sources */ = {isa = PBXBuildFile; fileRef = 147569841CA54155009DB7E7 /* UIView+FY.m */; };
		1475698C1CA54155009DB7E7 /* UIViewController+FY.m in Sources */ = {isa = PBXBuildFile; fileRef = 147569861CA54155009DB7E7 /* UIViewController+FY.m */; };
		147569901CA54173009DB7E7 /* FYUtils.m in Sources */ = {isa = PBXBuildFile; fileRef = 1475698F1CA54173009DB7E7 /* FYUtils.m */; };
		147569991CA54186009DB7E7 /* FYLabel.m in Sources */ = {isa = PBXBuildFile; fileRef = 147569921CA54186009DB7E7 /* FYLabel.m */; };
		1475699A1CA54186009DB7E7 /* HSYAlertBase.m in Sources */ = {isa = PBXBuildFile; fileRef = 147569941CA54186009DB7E7 /* HSYAlertBase.m */; };
		1475699B1CA54186009DB7E7 /* HSYAlertView.m in Sources */ = {isa = PBXBuildFile; fileRef = 147569961CA54186009DB7E7 /* HSYAlertView.m */; };
		1475699C1CA54186009DB7E7 /* HSYAttributedString.m in Sources */ = {isa = PBXBuildFile; fileRef = 147569981CA54186009DB7E7 /* HSYAttributedString.m */; };
		1475699F1CA8BA19009DB7E7 /* HSYLoading.m in Sources */ = {isa = PBXBuildFile; fileRef = 1475699E1CA8BA19009DB7E7 /* HSYLoading.m */; };
		147569A31CA8C6D3009DB7E7 /* HSYConstant.m in Sources */ = {isa = PBXBuildFile; fileRef = 147569A21CA8C6D3009DB7E7 /* HSYConstant.m */; };
		147569BE1CA8CA26009DB7E7 /* HSYRootController.m in Sources */ = {isa = PBXBuildFile; fileRef = 147569BD1CA8CA26009DB7E7 /* HSYRootController.m */; };
		147569C11CA8CD69009DB7E7 /* HSYNavigationController.m in Sources */ = {isa = PBXBuildFile; fileRef = 147569C01CA8CD69009DB7E7 /* HSYNavigationController.m */; };
		147569CF1CA8D898009DB7E7 /* HSYBaseController.m in Sources */ = {isa = PBXBuildFile; fileRef = 147569CE1CA8D898009DB7E7 /* HSYBaseController.m */; };
		147569D21CA8D8C5009DB7E7 /* HSYBaseTableController.m in Sources */ = {isa = PBXBuildFile; fileRef = 147569D11CA8D8C5009DB7E7 /* HSYBaseTableController.m */; };
		147569D51CA8DDBC009DB7E7 /* HSYBaseModel.m in Sources */ = {isa = PBXBuildFile; fileRef = 147569D41CA8DDBC009DB7E7 /* HSYBaseModel.m */; };
		147569D81CA8DDDA009DB7E7 /* HSYBaseViewmodel.m in Sources */ = {isa = PBXBuildFile; fileRef = 147569D71CA8DDDA009DB7E7 /* HSYBaseViewmodel.m */; };
		147569E11CA91193009DB7E7 /* AvatarIOS.png in Resources */ = {isa = PBXBuildFile; fileRef = 147569DF1CA91193009DB7E7 /* AvatarIOS.png */; };
		147569E81CA92935009DB7E7 /* HSYBaseTableCell.m in Sources */ = {isa = PBXBuildFile; fileRef = 147569E71CA92935009DB7E7 /* HSYBaseTableCell.m */; };
		147FC1B51CC27DE400FC416E /* HSYCommonModel.m in Sources */ = {isa = PBXBuildFile; fileRef = 147FC1B41CC27DE400FC416E /* HSYCommonModel.m */; };
		147FC1B81CC35FCB00FC416E /* HSYCommenDateModel.m in Sources */ = {isa = PBXBuildFile; fileRef = 147FC1B71CC35FCB00FC416E /* HSYCommenDateModel.m */; };
		37A849702814596453715742 /* libPods.a in Frameworks */ = {isa = PBXBuildFile; fileRef = 03DAC4DD205D78414B37B47C /* libPods.a */; };
/* End PBXBuildFile section */

/* Begin PBXContainerItemProxy section */
		1475694F1CA520A0009DB7E7 /* PBXContainerItemProxy */ = {
			isa = PBXContainerItemProxy;
			containerPortal = 1475692D1CA520A0009DB7E7 /* Project object */;
			proxyType = 1;
			remoteGlobalIDString = 147569341CA520A0009DB7E7;
			remoteInfo = QianHuoClientIOS;
		};
		1475695A1CA520A0009DB7E7 /* PBXContainerItemProxy */ = {
			isa = PBXContainerItemProxy;
			containerPortal = 1475692D1CA520A0009DB7E7 /* Project object */;
			proxyType = 1;
			remoteGlobalIDString = 147569341CA520A0009DB7E7;
			remoteInfo = QianHuoClientIOS;
		};
/* End PBXContainerItemProxy section */

/* Begin PBXFileReference section */
		03DAC4DD205D78414B37B47C /* libPods.a */ = {isa = PBXFileReference; explicitFileType = archive.ar; includeInIndex = 0; path = libPods.a; sourceTree = BUILT_PRODUCTS_DIR; };
		143A40991CAA9E84007C0B9F /* FYLog.h */ = {isa = PBXFileReference; fileEncoding = 4; lastKnownFileType = sourcecode.c.h; path = FYLog.h; sourceTree = "<group>"; };
		143A409A1CAA9E84007C0B9F /* FYLog.m */ = {isa = PBXFileReference; fileEncoding = 4; lastKnownFileType = sourcecode.c.objc; path = FYLog.m; sourceTree = "<group>"; };
		143A409C1CABABBA007C0B9F /* HSYUserDefaults.h */ = {isa = PBXFileReference; fileEncoding = 4; lastKnownFileType = sourcecode.c.h; path = HSYUserDefaults.h; sourceTree = "<group>"; };
		143A409D1CABABBA007C0B9F /* HSYUserDefaults.m */ = {isa = PBXFileReference; fileEncoding = 4; lastKnownFileType = sourcecode.c.objc; path = HSYUserDefaults.m; sourceTree = "<group>"; };
		143A409F1CABB254007C0B9F /* HSYDBHelper.h */ = {isa = PBXFileReference; fileEncoding = 4; lastKnownFileType = sourcecode.c.h; path = HSYDBHelper.h; sourceTree = "<group>"; };
		143A40A01CABB254007C0B9F /* HSYDBHelper.m */ = {isa = PBXFileReference; fileEncoding = 4; lastKnownFileType = sourcecode.c.objc; path = HSYDBHelper.m; sourceTree = "<group>"; };
		143A40A21CABB496007C0B9F /* HSYDBColumn.h */ = {isa = PBXFileReference; fileEncoding = 4; lastKnownFileType = sourcecode.c.h; path = HSYDBColumn.h; sourceTree = "<group>"; };
		143A40A31CABB496007C0B9F /* HSYDBColumn.m */ = {isa = PBXFileReference; fileEncoding = 4; lastKnownFileType = sourcecode.c.objc; path = HSYDBColumn.m; sourceTree = "<group>"; };
		143A40AC1CABC70B007C0B9F /* JKDBHelper.h */ = {isa = PBXFileReference; fileEncoding = 4; lastKnownFileType = sourcecode.c.h; path = JKDBHelper.h; sourceTree = "<group>"; };
		143A40AD1CABC70B007C0B9F /* JKDBHelper.m */ = {isa = PBXFileReference; fileEncoding = 4; lastKnownFileType = sourcecode.c.objc; path = JKDBHelper.m; sourceTree = "<group>"; };
		143A40AE1CABC70B007C0B9F /* JKDBModel.h */ = {isa = PBXFileReference; fileEncoding = 4; lastKnownFileType = sourcecode.c.h; path = JKDBModel.h; sourceTree = "<group>"; };
		143A40AF1CABC70B007C0B9F /* JKDBModel.m */ = {isa = PBXFileReference; fileEncoding = 4; lastKnownFileType = sourcecode.c.objc; path = JKDBModel.m; sourceTree = "<group>"; };
		143A40B51CACC02D007C0B9F /* FYHintLayer.h */ = {isa = PBXFileReference; fileEncoding = 4; lastKnownFileType = sourcecode.c.h; path = FYHintLayer.h; sourceTree = "<group>"; };
		143A40B61CACC02D007C0B9F /* FYHintLayer.m */ = {isa = PBXFileReference; fileEncoding = 4; lastKnownFileType = sourcecode.c.objc; path = FYHintLayer.m; sourceTree = "<group>"; };
		143A40B81CACC1B5007C0B9F /* FYTimer.h */ = {isa = PBXFileReference; fileEncoding = 4; lastKnownFileType = sourcecode.c.h; path = FYTimer.h; sourceTree = "<group>"; };
		143A40B91CACC1B5007C0B9F /* FYTimer.m */ = {isa = PBXFileReference; fileEncoding = 4; lastKnownFileType = sourcecode.c.objc; path = FYTimer.m; sourceTree = "<group>"; };
		143A40BF1CACC5FF007C0B9F /* HSYLearningDateModel.h */ = {isa = PBXFileReference; fileEncoding = 4; lastKnownFileType = sourcecode.c.h; path = HSYLearningDateModel.h; sourceTree = "<group>"; };
		143A40C01CACC5FF007C0B9F /* HSYLearningDateModel.m */ = {isa = PBXFileReference; fileEncoding = 4; lastKnownFileType = sourcecode.c.objc; path = HSYLearningDateModel.m; sourceTree = "<group>"; };
		143A40C71CACC5FF007C0B9F /* HSYLearningController.h */ = {isa = PBXFileReference; fileEncoding = 4; lastKnownFileType = sourcecode.c.h; path = HSYLearningController.h; sourceTree = "<group>"; };
		143A40C81CACC5FF007C0B9F /* HSYLearningController.m */ = {isa = PBXFileReference; fileEncoding = 4; lastKnownFileType = sourcecode.c.objc; path = HSYLearningController.m; sourceTree = "<group>"; };
		143A40CC1CACC5FF007C0B9F /* HSYLearningViewmodel.h */ = {isa = PBXFileReference; fileEncoding = 4; lastKnownFileType = sourcecode.c.h; path = HSYLearningViewmodel.h; sourceTree = "<group>"; };
		143A40CD1CACC5FF007C0B9F /* HSYLearningViewmodel.m */ = {isa = PBXFileReference; fileEncoding = 4; lastKnownFileType = sourcecode.c.objc; path = HSYLearningViewmodel.m; sourceTree = "<group>"; };
		143A40D81CACC61A007C0B9F /* HSYRestController.h */ = {isa = PBXFileReference; fileEncoding = 4; lastKnownFileType = sourcecode.c.h; path = HSYRestController.h; sourceTree = "<group>"; };
		143A40D91CACC61A007C0B9F /* HSYRestController.m */ = {isa = PBXFileReference; fileEncoding = 4; lastKnownFileType = sourcecode.c.objc; path = HSYRestController.m; sourceTree = "<group>"; };
		143A40DC1CACC6CE007C0B9F /* HSYContentController.h */ = {isa = PBXFileReference; fileEncoding = 4; lastKnownFileType = sourcecode.c.h; path = HSYContentController.h; sourceTree = "<group>"; };
		143A40DD1CACC6CE007C0B9F /* HSYContentController.m */ = {isa = PBXFileReference; fileEncoding = 4; lastKnownFileType = sourcecode.c.objc; path = HSYContentController.m; sourceTree = "<group>"; };
		143A40DF1CACC76F007C0B9F /* HSYContentViewmodel.h */ = {isa = PBXFileReference; fileEncoding = 4; lastKnownFileType = sourcecode.c.h; path = HSYContentViewmodel.h; sourceTree = "<group>"; };
		143A40E01CACC76F007C0B9F /* HSYContentViewmodel.m */ = {isa = PBXFileReference; fileEncoding = 4; lastKnownFileType = sourcecode.c.objc; path = HSYContentViewmodel.m; sourceTree = "<group>"; };
		143A40E21CAD0B71007C0B9F /* UIWebView+FY.h */ = {isa = PBXFileReference; fileEncoding = 4; lastKnownFileType = sourcecode.c.h; path = "UIWebView+FY.h"; sourceTree = "<group>"; };
		143A40E31CAD0B71007C0B9F /* UIWebView+FY.m */ = {isa = PBXFileReference; fileEncoding = 4; lastKnownFileType = sourcecode.c.objc; path = "UIWebView+FY.m"; sourceTree = "<group>"; };
		143A40E51CAD1606007C0B9F /* WebBack.png */ = {isa = PBXFileReference; lastKnownFileType = image.png; path = WebBack.png; sourceTree = "<group>"; };
		143A40E61CAD1606007C0B9F /* WebForward.png */ = {isa = PBXFileReference; lastKnownFileType = image.png; path = WebForward.png; sourceTree = "<group>"; };
		143A40E91CAD2375007C0B9F /* WebBackNormal.png */ = {isa = PBXFileReference; lastKnownFileType = image.png; path = WebBackNormal.png; sourceTree = "<group>"; };
		143A40EA1CAD2375007C0B9F /* WebForwardNormal.png */ = {isa = PBXFileReference; lastKnownFileType = image.png; path = WebForwardNormal.png; sourceTree = "<group>"; };
		143A40EF1CADF167007C0B9F /* HSYLoadingManage.h */ = {isa = PBXFileReference; fileEncoding = 4; lastKnownFileType = sourcecode.c.h; path = HSYLoadingManage.h; sourceTree = "<group>"; };
		143A40F01CADF167007C0B9F /* HSYLoadingManage.m */ = {isa = PBXFileReference; fileEncoding = 4; lastKnownFileType = sourcecode.c.objc; path = HSYLoadingManage.m; sourceTree = "<group>"; };
		143A40F61CADFE49007C0B9F /* AvatarResource.png */ = {isa = PBXFileReference; lastKnownFileType = image.png; path = AvatarResource.png; sourceTree = "<group>"; };
		143A40F81CADFFAD007C0B9F /* AvatarIntroduce.png */ = {isa = PBXFileReference; lastKnownFileType = image.png; path = AvatarIntroduce.png; sourceTree = "<group>"; };
		143A40FC1CAE016D007C0B9F /* AvatarApp.png */ = {isa = PBXFileReference; lastKnownFileType = image.png; path = AvatarApp.png; sourceTree = "<group>"; };
		143A40FE1CAE0300007C0B9F /* AvatarHtml.png */ = {isa = PBXFileReference; lastKnownFileType = image.png; path = AvatarHtml.png; sourceTree = "<group>"; };
		143A41001CAE0E35007C0B9F /* AvatarAndroid.png */ = {isa = PBXFileReference; lastKnownFileType = image.png; path = AvatarAndroid.png; sourceTree = "<group>"; };
		143A410A1CAE14EF007C0B9F /* TabbarLearn@2x.png */ = {isa = PBXFileReference; lastKnownFileType = image.png; path = "TabbarLearn@2x.png"; sourceTree = "<group>"; };
		143A410C1CAE1547007C0B9F /* TabbarRest@2x.png */ = {isa = PBXFileReference; lastKnownFileType = image.png; path = "TabbarRest@2x.png"; sourceTree = "<group>"; };
		143A410E1CAE18CE007C0B9F /* AvatarVedio.png */ = {isa = PBXFileReference; lastKnownFileType = image.png; path = AvatarVedio.png; sourceTree = "<group>"; };
		143A41161CAE1B0D007C0B9F /* HSYRestDateModel.h */ = {isa = PBXFileReference; fileEncoding = 4; lastKnownFileType = sourcecode.c.h; path = HSYRestDateModel.h; sourceTree = "<group>"; };
		143A41171CAE1B0D007C0B9F /* HSYRestDateModel.m */ = {isa = PBXFileReference; fileEncoding = 4; lastKnownFileType = sourcecode.c.objc; path = HSYRestDateModel.m; sourceTree = "<group>"; };
		143A41191CAE1E51007C0B9F /* HSYRestViewmodel.h */ = {isa = PBXFileReference; fileEncoding = 4; lastKnownFileType = sourcecode.c.h; path = HSYRestViewmodel.h; sourceTree = "<group>"; };
		143A411A1CAE1E51007C0B9F /* HSYRestViewmodel.m */ = {isa = PBXFileReference; fileEncoding = 4; lastKnownFileType = sourcecode.c.objc; path = HSYRestViewmodel.m; sourceTree = "<group>"; };
		143A411C1CAE2296007C0B9F /* HSYRestFuliCell.h */ = {isa = PBXFileReference; fileEncoding = 4; lastKnownFileType = sourcecode.c.h; path = HSYRestFuliCell.h; sourceTree = "<group>"; };
		143A411D1CAE2296007C0B9F /* HSYRestFuliCell.m */ = {isa = PBXFileReference; fileEncoding = 4; lastKnownFileType = sourcecode.c.objc; path = HSYRestFuliCell.m; sourceTree = "<group>"; };
		143A41261CAE41EE007C0B9F /* HSYCommonCell.h */ = {isa = PBXFileReference; fileEncoding = 4; lastKnownFileType = sourcecode.c.h; path = HSYCommonCell.h; sourceTree = "<group>"; };
		143A41271CAE41EE007C0B9F /* HSYCommonCell.m */ = {isa = PBXFileReference; fileEncoding = 4; lastKnownFileType = sourcecode.c.objc; path = HSYCommonCell.m; sourceTree = "<group>"; };
		143A41291CAE4224007C0B9F /* HSYCommonHeader.h */ = {isa = PBXFileReference; fileEncoding = 4; lastKnownFileType = sourcecode.c.h; path = HSYCommonHeader.h; sourceTree = "<group>"; };
		143A412A1CAE4224007C0B9F /* HSYCommonHeader.m */ = {isa = PBXFileReference; fileEncoding = 4; lastKnownFileType = sourcecode.c.objc; path = HSYCommonHeader.m; sourceTree = "<group>"; };
		143A412F1CAE641D007C0B9F /* WFWebImageShowView.h */ = {isa = PBXFileReference; fileEncoding = 4; lastKnownFileType = sourcecode.c.h; path = WFWebImageShowView.h; sourceTree = "<group>"; };
		143A41301CAE641D007C0B9F /* WFWebImageShowView.m */ = {isa = PBXFileReference; fileEncoding = 4; lastKnownFileType = sourcecode.c.objc; path = WFWebImageShowView.m; sourceTree = "<group>"; };
		143A41321CAE650C007C0B9F /* Placeholder@2x.png */ = {isa = PBXFileReference; lastKnownFileType = image.png; path = "Placeholder@2x.png"; sourceTree = "<group>"; };
		143A41351CAE6E0A007C0B9F /* MHFacebookImageViewer.h */ = {isa = PBXFileReference; fileEncoding = 4; lastKnownFileType = sourcecode.c.h; path = MHFacebookImageViewer.h; sourceTree = "<group>"; };
		143A41361CAE6E0A007C0B9F /* MHFacebookImageViewer.m */ = {isa = PBXFileReference; fileEncoding = 4; lastKnownFileType = sourcecode.c.objc; path = MHFacebookImageViewer.m; sourceTree = "<group>"; };
		143A41381CAE6E0A007C0B9F /* Done.png */ = {isa = PBXFileReference; lastKnownFileType = image.png; path = Done.png; sourceTree = "<group>"; };
		143A41391CAE6E0A007C0B9F /* Done@2x.png */ = {isa = PBXFileReference; lastKnownFileType = image.png; path = "Done@2x.png"; sourceTree = "<group>"; };
		143A413A1CAE6E0A007C0B9F /* UIImageView+MHFacebookImageViewer.h */ = {isa = PBXFileReference; fileEncoding = 4; lastKnownFileType = sourcecode.c.h; path = "UIImageView+MHFacebookImageViewer.h"; sourceTree = "<group>"; };
		143A413B1CAE6E0A007C0B9F /* UIImageView+MHFacebookImageViewer.m */ = {isa = PBXFileReference; fileEncoding = 4; lastKnownFileType = sourcecode.c.objc; path = "UIImageView+MHFacebookImageViewer.m"; sourceTree = "<group>"; };
		143A41401CAE758A007C0B9F /* WFLaunchController.h */ = {isa = PBXFileReference; fileEncoding = 4; lastKnownFileType = sourcecode.c.h; path = WFLaunchController.h; sourceTree = "<group>"; };
		143A41411CAE758A007C0B9F /* WFLaunchController.m */ = {isa = PBXFileReference; fileEncoding = 4; lastKnownFileType = sourcecode.c.objc; path = WFLaunchController.m; sourceTree = "<group>"; };
		143A41471CAE7A1A007C0B9F /* Logo.png */ = {isa = PBXFileReference; lastKnownFileType = image.png; path = Logo.png; sourceTree = "<group>"; };
		143A414D1CAE7CAA007C0B9F /* Icon60@3x.png */ = {isa = PBXFileReference; lastKnownFileType = image.png; path = "Icon60@3x.png"; sourceTree = "<group>"; };
		143A414F1CAE7E57007C0B9F /* Icon60@2x.png */ = {isa = PBXFileReference; lastKnownFileType = image.png; path = "Icon60@2x.png"; sourceTree = "<group>"; };
		143A41531CAE9997007C0B9F /* LaunchFirst.png */ = {isa = PBXFileReference; lastKnownFileType = image.png; path = LaunchFirst.png; sourceTree = "<group>"; };
		143A41571CAE9A54007C0B9F /* LaunchSecond.png */ = {isa = PBXFileReference; lastKnownFileType = image.png; path = LaunchSecond.png; sourceTree = "<group>"; };
		143A415B1CB349BF007C0B9F /* ReturnToTop.png */ = {isa = PBXFileReference; lastKnownFileType = image.png; path = ReturnToTop.png; sourceTree = "<group>"; };
		144593A91CB4A4300065F659 /* BlurEffect.png */ = {isa = PBXFileReference; lastKnownFileType = image.png; path = BlurEffect.png; sourceTree = "<group>"; };
		147569351CA520A0009DB7E7 /* QianHuoClientIOS.app */ = {isa = PBXFileReference; explicitFileType = wrapper.application; includeInIndex = 0; path = QianHuoClientIOS.app; sourceTree = BUILT_PRODUCTS_DIR; };
		147569391CA520A0009DB7E7 /* main.m */ = {isa = PBXFileReference; lastKnownFileType = sourcecode.c.objc; path = main.m; sourceTree = "<group>"; };
		147569421CA520A0009DB7E7 /* Base */ = {isa = PBXFileReference; lastKnownFileType = file.storyboard; name = Base; path = Base.lproj/Main.storyboard; sourceTree = "<group>"; };
		147569441CA520A0009DB7E7 /* Assets.xcassets */ = {isa = PBXFileReference; lastKnownFileType = folder.assetcatalog; path = Assets.xcassets; sourceTree = "<group>"; };
		147569471CA520A0009DB7E7 /* Base */ = {isa = PBXFileReference; lastKnownFileType = file.storyboard; name = Base; path = Base.lproj/LaunchScreen.storyboard; sourceTree = "<group>"; };
		147569491CA520A0009DB7E7 /* Info.plist */ = {isa = PBXFileReference; lastKnownFileType = text.plist.xml; path = Info.plist; sourceTree = "<group>"; };
		1475694E1CA520A0009DB7E7 /* QianHuoClientIOSTests.xctest */ = {isa = PBXFileReference; explicitFileType = wrapper.cfbundle; includeInIndex = 0; path = QianHuoClientIOSTests.xctest; sourceTree = BUILT_PRODUCTS_DIR; };
		147569521CA520A0009DB7E7 /* QianHuoClientIOSTests.m */ = {isa = PBXFileReference; lastKnownFileType = sourcecode.c.objc; path = QianHuoClientIOSTests.m; sourceTree = "<group>"; };
		147569541CA520A0009DB7E7 /* Info.plist */ = {isa = PBXFileReference; lastKnownFileType = text.plist.xml; path = Info.plist; sourceTree = "<group>"; };
		147569591CA520A0009DB7E7 /* QianHuoClientIOSUITests.xctest */ = {isa = PBXFileReference; explicitFileType = wrapper.cfbundle; includeInIndex = 0; path = QianHuoClientIOSUITests.xctest; sourceTree = BUILT_PRODUCTS_DIR; };
		1475695D1CA520A0009DB7E7 /* QianHuoClientIOSUITests.m */ = {isa = PBXFileReference; lastKnownFileType = sourcecode.c.objc; path = QianHuoClientIOSUITests.m; sourceTree = "<group>"; };
		1475695F1CA520A0009DB7E7 /* Info.plist */ = {isa = PBXFileReference; lastKnownFileType = text.plist.xml; path = Info.plist; sourceTree = "<group>"; };
		1475696E1CA53FC7009DB7E7 /* AppDelegate.h */ = {isa = PBXFileReference; fileEncoding = 4; lastKnownFileType = sourcecode.c.h; path = AppDelegate.h; sourceTree = "<group>"; };
		1475696F1CA53FC7009DB7E7 /* AppDelegate.m */ = {isa = PBXFileReference; fileEncoding = 4; lastKnownFileType = sourcecode.c.objc; path = AppDelegate.m; sourceTree = "<group>"; };
		1475697B1CA54155009DB7E7 /* NSString+FY.h */ = {isa = PBXFileReference; fileEncoding = 4; lastKnownFileType = sourcecode.c.h; path = "NSString+FY.h"; sourceTree = "<group>"; };
		1475697C1CA54155009DB7E7 /* NSString+FY.m */ = {isa = PBXFileReference; fileEncoding = 4; lastKnownFileType = sourcecode.c.objc; path = "NSString+FY.m"; sourceTree = "<group>"; };
		1475697D1CA54155009DB7E7 /* UIColor+FY.h */ = {isa = PBXFileReference; fileEncoding = 4; lastKnownFileType = sourcecode.c.h; path = "UIColor+FY.h"; sourceTree = "<group>"; };
		1475697E1CA54155009DB7E7 /* UIColor+FY.m */ = {isa = PBXFileReference; fileEncoding = 4; lastKnownFileType = sourcecode.c.objc; path = "UIColor+FY.m"; sourceTree = "<group>"; };
		1475697F1CA54155009DB7E7 /* UIImage+FY.h */ = {isa = PBXFileReference; fileEncoding = 4; lastKnownFileType = sourcecode.c.h; path = "UIImage+FY.h"; sourceTree = "<group>"; };
		147569801CA54155009DB7E7 /* UIImage+FY.m */ = {isa = PBXFileReference; fileEncoding = 4; lastKnownFileType = sourcecode.c.objc; path = "UIImage+FY.m"; sourceTree = "<group>"; };
		147569811CA54155009DB7E7 /* UIScreen+FY.h */ = {isa = PBXFileReference; fileEncoding = 4; lastKnownFileType = sourcecode.c.h; path = "UIScreen+FY.h"; sourceTree = "<group>"; };
		147569821CA54155009DB7E7 /* UIScreen+FY.m */ = {isa = PBXFileReference; fileEncoding = 4; lastKnownFileType = sourcecode.c.objc; path = "UIScreen+FY.m"; sourceTree = "<group>"; };
		147569831CA54155009DB7E7 /* UIView+FY.h */ = {isa = PBXFileReference; fileEncoding = 4; lastKnownFileType = sourcecode.c.h; path = "UIView+FY.h"; sourceTree = "<group>"; };
		147569841CA54155009DB7E7 /* UIView+FY.m */ = {isa = PBXFileReference; fileEncoding = 4; lastKnownFileType = sourcecode.c.objc; path = "UIView+FY.m"; sourceTree = "<group>"; };
		147569851CA54155009DB7E7 /* UIViewController+FY.h */ = {isa = PBXFileReference; fileEncoding = 4; lastKnownFileType = sourcecode.c.h; path = "UIViewController+FY.h"; sourceTree = "<group>"; };
		147569861CA54155009DB7E7 /* UIViewController+FY.m */ = {isa = PBXFileReference; fileEncoding = 4; lastKnownFileType = sourcecode.c.objc; path = "UIViewController+FY.m"; sourceTree = "<group>"; };
		1475698D1CA5416B009DB7E7 /* FYMacro.h */ = {isa = PBXFileReference; fileEncoding = 4; lastKnownFileType = sourcecode.c.h; path = FYMacro.h; sourceTree = "<group>"; };
		1475698E1CA54173009DB7E7 /* FYUtils.h */ = {isa = PBXFileReference; fileEncoding = 4; lastKnownFileType = sourcecode.c.h; path = FYUtils.h; sourceTree = "<group>"; };
		1475698F1CA54173009DB7E7 /* FYUtils.m */ = {isa = PBXFileReference; fileEncoding = 4; lastKnownFileType = sourcecode.c.objc; path = FYUtils.m; sourceTree = "<group>"; };
		147569911CA54186009DB7E7 /* FYLabel.h */ = {isa = PBXFileReference; fileEncoding = 4; lastKnownFileType = sourcecode.c.h; path = FYLabel.h; sourceTree = "<group>"; };
		147569921CA54186009DB7E7 /* FYLabel.m */ = {isa = PBXFileReference; fileEncoding = 4; lastKnownFileType = sourcecode.c.objc; path = FYLabel.m; sourceTree = "<group>"; };
		147569931CA54186009DB7E7 /* HSYAlertBase.h */ = {isa = PBXFileReference; fileEncoding = 4; lastKnownFileType = sourcecode.c.h; path = HSYAlertBase.h; sourceTree = "<group>"; };
		147569941CA54186009DB7E7 /* HSYAlertBase.m */ = {isa = PBXFileReference; fileEncoding = 4; lastKnownFileType = sourcecode.c.objc; path = HSYAlertBase.m; sourceTree = "<group>"; };
		147569951CA54186009DB7E7 /* HSYAlertView.h */ = {isa = PBXFileReference; fileEncoding = 4; lastKnownFileType = sourcecode.c.h; path = HSYAlertView.h; sourceTree = "<group>"; };
		147569961CA54186009DB7E7 /* HSYAlertView.m */ = {isa = PBXFileReference; fileEncoding = 4; lastKnownFileType = sourcecode.c.objc; path = HSYAlertView.m; sourceTree = "<group>"; };
		147569971CA54186009DB7E7 /* HSYAttributedString.h */ = {isa = PBXFileReference; fileEncoding = 4; lastKnownFileType = sourcecode.c.h; path = HSYAttributedString.h; sourceTree = "<group>"; };
		147569981CA54186009DB7E7 /* HSYAttributedString.m */ = {isa = PBXFileReference; fileEncoding = 4; lastKnownFileType = sourcecode.c.objc; path = HSYAttributedString.m; sourceTree = "<group>"; };
		1475699D1CA8BA19009DB7E7 /* HSYLoading.h */ = {isa = PBXFileReference; fileEncoding = 4; lastKnownFileType = sourcecode.c.h; path = HSYLoading.h; sourceTree = "<group>"; };
		1475699E1CA8BA19009DB7E7 /* HSYLoading.m */ = {isa = PBXFileReference; fileEncoding = 4; lastKnownFileType = sourcecode.c.objc; path = HSYLoading.m; sourceTree = "<group>"; };
		147569A01CA8C5A8009DB7E7 /* HSYPch.pch */ = {isa = PBXFileReference; lastKnownFileType = sourcecode.c.h; path = HSYPch.pch; sourceTree = "<group>"; };
		147569A11CA8C6D3009DB7E7 /* HSYConstant.h */ = {isa = PBXFileReference; fileEncoding = 4; lastKnownFileType = sourcecode.c.h; path = HSYConstant.h; sourceTree = "<group>"; };
		147569A21CA8C6D3009DB7E7 /* HSYConstant.m */ = {isa = PBXFileReference; fileEncoding = 4; lastKnownFileType = sourcecode.c.objc; path = HSYConstant.m; sourceTree = "<group>"; };
		147569BC1CA8CA26009DB7E7 /* HSYRootController.h */ = {isa = PBXFileReference; fileEncoding = 4; lastKnownFileType = sourcecode.c.h; path = HSYRootController.h; sourceTree = "<group>"; };
		147569BD1CA8CA26009DB7E7 /* HSYRootController.m */ = {isa = PBXFileReference; fileEncoding = 4; lastKnownFileType = sourcecode.c.objc; path = HSYRootController.m; sourceTree = "<group>"; };
		147569BF1CA8CD69009DB7E7 /* HSYNavigationController.h */ = {isa = PBXFileReference; fileEncoding = 4; lastKnownFileType = sourcecode.c.h; path = HSYNavigationController.h; sourceTree = "<group>"; };
		147569C01CA8CD69009DB7E7 /* HSYNavigationController.m */ = {isa = PBXFileReference; fileEncoding = 4; lastKnownFileType = sourcecode.c.objc; path = HSYNavigationController.m; sourceTree = "<group>"; };
		147569CD1CA8D898009DB7E7 /* HSYBaseController.h */ = {isa = PBXFileReference; fileEncoding = 4; lastKnownFileType = sourcecode.c.h; path = HSYBaseController.h; sourceTree = "<group>"; };
		147569CE1CA8D898009DB7E7 /* HSYBaseController.m */ = {isa = PBXFileReference; fileEncoding = 4; lastKnownFileType = sourcecode.c.objc; path = HSYBaseController.m; sourceTree = "<group>"; };
		147569D01CA8D8C5009DB7E7 /* HSYBaseTableController.h */ = {isa = PBXFileReference; fileEncoding = 4; lastKnownFileType = sourcecode.c.h; path = HSYBaseTableController.h; sourceTree = "<group>"; };
		147569D11CA8D8C5009DB7E7 /* HSYBaseTableController.m */ = {isa = PBXFileReference; fileEncoding = 4; lastKnownFileType = sourcecode.c.objc; path = HSYBaseTableController.m; sourceTree = "<group>"; };
		147569D31CA8DDBC009DB7E7 /* HSYBaseModel.h */ = {isa = PBXFileReference; fileEncoding = 4; lastKnownFileType = sourcecode.c.h; path = HSYBaseModel.h; sourceTree = "<group>"; };
		147569D41CA8DDBC009DB7E7 /* HSYBaseModel.m */ = {isa = PBXFileReference; fileEncoding = 4; lastKnownFileType = sourcecode.c.objc; path = HSYBaseModel.m; sourceTree = "<group>"; };
		147569D61CA8DDDA009DB7E7 /* HSYBaseViewmodel.h */ = {isa = PBXFileReference; fileEncoding = 4; lastKnownFileType = sourcecode.c.h; path = HSYBaseViewmodel.h; sourceTree = "<group>"; };
		147569D71CA8DDDA009DB7E7 /* HSYBaseViewmodel.m */ = {isa = PBXFileReference; fileEncoding = 4; lastKnownFileType = sourcecode.c.objc; path = HSYBaseViewmodel.m; sourceTree = "<group>"; };
		147569DF1CA91193009DB7E7 /* AvatarIOS.png */ = {isa = PBXFileReference; lastKnownFileType = image.png; path = AvatarIOS.png; sourceTree = "<group>"; };
		147569E61CA92935009DB7E7 /* HSYBaseTableCell.h */ = {isa = PBXFileReference; fileEncoding = 4; lastKnownFileType = sourcecode.c.h; path = HSYBaseTableCell.h; sourceTree = "<group>"; };
		147569E71CA92935009DB7E7 /* HSYBaseTableCell.m */ = {isa = PBXFileReference; fileEncoding = 4; lastKnownFileType = sourcecode.c.objc; path = HSYBaseTableCell.m; sourceTree = "<group>"; };
		147569EC1CAA5287009DB7E7 /* HSYLoadValueProtocol.h */ = {isa = PBXFileReference; fileEncoding = 4; lastKnownFileType = sourcecode.c.h; path = HSYLoadValueProtocol.h; sourceTree = "<group>"; };
		147569ED1CAA5411009DB7E7 /* HSYBindingParamProtocol.h */ = {isa = PBXFileReference; fileEncoding = 4; lastKnownFileType = sourcecode.c.h; path = HSYBindingParamProtocol.h; sourceTree = "<group>"; };
		147FC1B31CC27DE400FC416E /* HSYCommonModel.h */ = {isa = PBXFileReference; fileEncoding = 4; lastKnownFileType = sourcecode.c.h; path = HSYCommonModel.h; sourceTree = "<group>"; };
		147FC1B41CC27DE400FC416E /* HSYCommonModel.m */ = {isa = PBXFileReference; fileEncoding = 4; lastKnownFileType = sourcecode.c.objc; path = HSYCommonModel.m; sourceTree = "<group>"; };
		147FC1B61CC35FCB00FC416E /* HSYCommenDateModel.h */ = {isa = PBXFileReference; fileEncoding = 4; lastKnownFileType = sourcecode.c.h; path = HSYCommenDateModel.h; sourceTree = "<group>"; };
		147FC1B71CC35FCB00FC416E /* HSYCommenDateModel.m */ = {isa = PBXFileReference; fileEncoding = 4; lastKnownFileType = sourcecode.c.objc; path = HSYCommenDateModel.m; sourceTree = "<group>"; };
		8B86759DBF12AF1C212111CF /* Pods.release.xcconfig */ = {isa = PBXFileReference; includeInIndex = 1; lastKnownFileType = text.xcconfig; name = Pods.release.xcconfig; path = "Pods/Target Support Files/Pods/Pods.release.xcconfig"; sourceTree = "<group>"; };
		E8B623B7F92A53061104487D /* Pods.debug.xcconfig */ = {isa = PBXFileReference; includeInIndex = 1; lastKnownFileType = text.xcconfig; name = Pods.debug.xcconfig; path = "Pods/Target Support Files/Pods/Pods.debug.xcconfig"; sourceTree = "<group>"; };
/* End PBXFileReference section */

/* Begin PBXFrameworksBuildPhase section */
		147569321CA520A0009DB7E7 /* Frameworks */ = {
			isa = PBXFrameworksBuildPhase;
			buildActionMask = 2147483647;
			files = (
				37A849702814596453715742 /* libPods.a in Frameworks */,
			);
			runOnlyForDeploymentPostprocessing = 0;
		};
		1475694B1CA520A0009DB7E7 /* Frameworks */ = {
			isa = PBXFrameworksBuildPhase;
			buildActionMask = 2147483647;
			files = (
			);
			runOnlyForDeploymentPostprocessing = 0;
		};
		147569561CA520A0009DB7E7 /* Frameworks */ = {
			isa = PBXFrameworksBuildPhase;
			buildActionMask = 2147483647;
			files = (
			);
			runOnlyForDeploymentPostprocessing = 0;
		};
/* End PBXFrameworksBuildPhase section */

/* Begin PBXGroup section */
		143A40AB1CABC70B007C0B9F /* DBModel */ = {
			isa = PBXGroup;
			children = (
				143A40AC1CABC70B007C0B9F /* JKDBHelper.h */,
				143A40AD1CABC70B007C0B9F /* JKDBHelper.m */,
				143A40AE1CABC70B007C0B9F /* JKDBModel.h */,
				143A40AF1CABC70B007C0B9F /* JKDBModel.m */,
			);
			path = DBModel;
			sourceTree = "<group>";
		};
		143A40BB1CACC5FF007C0B9F /* LearningPage */ = {
			isa = PBXGroup;
			children = (
				143A40BC1CACC5FF007C0B9F /* Model */,
				143A40C41CACC5FF007C0B9F /* View */,
				143A40CB1CACC5FF007C0B9F /* ViewModel */,
			);
			path = LearningPage;
			sourceTree = "<group>";
		};
		143A40BC1CACC5FF007C0B9F /* Model */ = {
			isa = PBXGroup;
			children = (
				143A40BF1CACC5FF007C0B9F /* HSYLearningDateModel.h */,
				143A40C01CACC5FF007C0B9F /* HSYLearningDateModel.m */,
			);
			path = Model;
			sourceTree = "<group>";
		};
		143A40C41CACC5FF007C0B9F /* View */ = {
			isa = PBXGroup;
			children = (
				143A40C71CACC5FF007C0B9F /* HSYLearningController.h */,
				143A40C81CACC5FF007C0B9F /* HSYLearningController.m */,
			);
			path = View;
			sourceTree = "<group>";
		};
		143A40CB1CACC5FF007C0B9F /* ViewModel */ = {
			isa = PBXGroup;
			children = (
				143A40CC1CACC5FF007C0B9F /* HSYLearningViewmodel.h */,
				143A40CD1CACC5FF007C0B9F /* HSYLearningViewmodel.m */,
			);
			path = ViewModel;
			sourceTree = "<group>";
		};
		143A40D51CACC61A007C0B9F /* RestPage */ = {
			isa = PBXGroup;
			children = (
				143A40D61CACC61A007C0B9F /* Model */,
				143A40D71CACC61A007C0B9F /* View */,
				143A40DA1CACC61A007C0B9F /* ViewModel */,
			);
			path = RestPage;
			sourceTree = "<group>";
		};
		143A40D61CACC61A007C0B9F /* Model */ = {
			isa = PBXGroup;
			children = (
				143A41161CAE1B0D007C0B9F /* HSYRestDateModel.h */,
				143A41171CAE1B0D007C0B9F /* HSYRestDateModel.m */,
			);
			path = Model;
			sourceTree = "<group>";
		};
		143A40D71CACC61A007C0B9F /* View */ = {
			isa = PBXGroup;
			children = (
				143A40D81CACC61A007C0B9F /* HSYRestController.h */,
				143A40D91CACC61A007C0B9F /* HSYRestController.m */,
				143A411C1CAE2296007C0B9F /* HSYRestFuliCell.h */,
				143A411D1CAE2296007C0B9F /* HSYRestFuliCell.m */,
			);
			path = View;
			sourceTree = "<group>";
		};
		143A40DA1CACC61A007C0B9F /* ViewModel */ = {
			isa = PBXGroup;
			children = (
				143A41191CAE1E51007C0B9F /* HSYRestViewmodel.h */,
				143A411A1CAE1E51007C0B9F /* HSYRestViewmodel.m */,
			);
			path = ViewModel;
			sourceTree = "<group>";
		};
		143A41221CAE416D007C0B9F /* Common */ = {
			isa = PBXGroup;
			children = (
				143A41231CAE416D007C0B9F /* Model */,
				143A41241CAE416D007C0B9F /* View */,
				143A41251CAE416D007C0B9F /* ViewModel */,
			);
			path = Common;
			sourceTree = "<group>";
		};
		143A41231CAE416D007C0B9F /* Model */ = {
			isa = PBXGroup;
			children = (
				147FC1B31CC27DE400FC416E /* HSYCommonModel.h */,
				147FC1B41CC27DE400FC416E /* HSYCommonModel.m */,
				147FC1B61CC35FCB00FC416E /* HSYCommenDateModel.h */,
				147FC1B71CC35FCB00FC416E /* HSYCommenDateModel.m */,
			);
			path = Model;
			sourceTree = "<group>";
		};
		143A41241CAE416D007C0B9F /* View */ = {
			isa = PBXGroup;
			children = (
				143A41291CAE4224007C0B9F /* HSYCommonHeader.h */,
				143A412A1CAE4224007C0B9F /* HSYCommonHeader.m */,
				143A41261CAE41EE007C0B9F /* HSYCommonCell.h */,
				143A41271CAE41EE007C0B9F /* HSYCommonCell.m */,
			);
			path = View;
			sourceTree = "<group>";
		};
		143A41251CAE416D007C0B9F /* ViewModel */ = {
			isa = PBXGroup;
			children = (
			);
			name = ViewModel;
			path = QianHuoClientIOS/Classes/Modules/Common/ViewModel;
			sourceTree = SOURCE_ROOT;
		};
		143A41341CAE6E0A007C0B9F /* MHFBImageViewController */ = {
			isa = PBXGroup;
			children = (
				143A41351CAE6E0A007C0B9F /* MHFacebookImageViewer.h */,
				143A41361CAE6E0A007C0B9F /* MHFacebookImageViewer.m */,
				143A41371CAE6E0A007C0B9F /* Resources */,
				143A413A1CAE6E0A007C0B9F /* UIImageView+MHFacebookImageViewer.h */,
				143A413B1CAE6E0A007C0B9F /* UIImageView+MHFacebookImageViewer.m */,
			);
			path = MHFBImageViewController;
			sourceTree = "<group>";
		};
		143A41371CAE6E0A007C0B9F /* Resources */ = {
			isa = PBXGroup;
			children = (
				143A41381CAE6E0A007C0B9F /* Done.png */,
				143A41391CAE6E0A007C0B9F /* Done@2x.png */,
			);
			path = Resources;
			sourceTree = "<group>";
		};
		1475692C1CA520A0009DB7E7 = {
			isa = PBXGroup;
			children = (
				147569371CA520A0009DB7E7 /* QianHuoClientIOS */,
				147569511CA520A0009DB7E7 /* QianHuoClientIOSTests */,
				1475695C1CA520A0009DB7E7 /* QianHuoClientIOSUITests */,
				147569361CA520A0009DB7E7 /* Products */,
				B7044197B57E89CA4A40220F /* Pods */,
				E51267ABCAF74380357F1D49 /* Frameworks */,
			);
			sourceTree = "<group>";
		};
		147569361CA520A0009DB7E7 /* Products */ = {
			isa = PBXGroup;
			children = (
				147569351CA520A0009DB7E7 /* QianHuoClientIOS.app */,
				1475694E1CA520A0009DB7E7 /* QianHuoClientIOSTests.xctest */,
				147569591CA520A0009DB7E7 /* QianHuoClientIOSUITests.xctest */,
			);
			name = Products;
			sourceTree = "<group>";
		};
		147569371CA520A0009DB7E7 /* QianHuoClientIOS */ = {
			isa = PBXGroup;
			children = (
				147569C81CA8D232009DB7E7 /* Resource */,
				1475696D1CA53FC7009DB7E7 /* Classes */,
				147569411CA520A0009DB7E7 /* Main.storyboard */,
				147569441CA520A0009DB7E7 /* Assets.xcassets */,
				147569461CA520A0009DB7E7 /* LaunchScreen.storyboard */,
				147569491CA520A0009DB7E7 /* Info.plist */,
				147569381CA520A0009DB7E7 /* Supporting Files */,
			);
			path = QianHuoClientIOS;
			sourceTree = "<group>";
		};
		147569381CA520A0009DB7E7 /* Supporting Files */ = {
			isa = PBXGroup;
			children = (
				147569391CA520A0009DB7E7 /* main.m */,
			);
			name = "Supporting Files";
			sourceTree = "<group>";
		};
		147569511CA520A0009DB7E7 /* QianHuoClientIOSTests */ = {
			isa = PBXGroup;
			children = (
				147569521CA520A0009DB7E7 /* QianHuoClientIOSTests.m */,
				147569541CA520A0009DB7E7 /* Info.plist */,
			);
			path = QianHuoClientIOSTests;
			sourceTree = "<group>";
		};
		1475695C1CA520A0009DB7E7 /* QianHuoClientIOSUITests */ = {
			isa = PBXGroup;
			children = (
				1475695D1CA520A0009DB7E7 /* QianHuoClientIOSUITests.m */,
				1475695F1CA520A0009DB7E7 /* Info.plist */,
			);
			path = QianHuoClientIOSUITests;
			sourceTree = "<group>";
		};
		1475696D1CA53FC7009DB7E7 /* Classes */ = {
			isa = PBXGroup;
			children = (
				1475696E1CA53FC7009DB7E7 /* AppDelegate.h */,
				1475696F1CA53FC7009DB7E7 /* AppDelegate.m */,
				147569701CA53FC7009DB7E7 /* Categorys */,
				147569711CA53FC7009DB7E7 /* Configs */,
				147569721CA53FC7009DB7E7 /* Helpers */,
				147569731CA53FC7009DB7E7 /* Modules */,
				147569741CA53FC7009DB7E7 /* Protocols */,
				147569751CA53FC7009DB7E7 /* ThirdLibs */,
				147569781CA53FC7009DB7E7 /* Widgets */,
			);
			path = Classes;
			sourceTree = "<group>";
		};
		147569701CA53FC7009DB7E7 /* Categorys */ = {
			isa = PBXGroup;
			children = (
				1475697B1CA54155009DB7E7 /* NSString+FY.h */,
				1475697C1CA54155009DB7E7 /* NSString+FY.m */,
				1475697D1CA54155009DB7E7 /* UIColor+FY.h */,
				1475697E1CA54155009DB7E7 /* UIColor+FY.m */,
				1475697F1CA54155009DB7E7 /* UIImage+FY.h */,
				147569801CA54155009DB7E7 /* UIImage+FY.m */,
				147569811CA54155009DB7E7 /* UIScreen+FY.h */,
				147569821CA54155009DB7E7 /* UIScreen+FY.m */,
				147569831CA54155009DB7E7 /* UIView+FY.h */,
				147569841CA54155009DB7E7 /* UIView+FY.m */,
				147569851CA54155009DB7E7 /* UIViewController+FY.h */,
				147569861CA54155009DB7E7 /* UIViewController+FY.m */,
				143A40E21CAD0B71007C0B9F /* UIWebView+FY.h */,
				143A40E31CAD0B71007C0B9F /* UIWebView+FY.m */,
			);
			path = Categorys;
			sourceTree = "<group>";
		};
		147569711CA53FC7009DB7E7 /* Configs */ = {
			isa = PBXGroup;
			children = (
				1475698D1CA5416B009DB7E7 /* FYMacro.h */,
				147569A01CA8C5A8009DB7E7 /* HSYPch.pch */,
				147569A11CA8C6D3009DB7E7 /* HSYConstant.h */,
				147569A21CA8C6D3009DB7E7 /* HSYConstant.m */,
			);
			path = Configs;
			sourceTree = "<group>";
		};
		147569721CA53FC7009DB7E7 /* Helpers */ = {
			isa = PBXGroup;
			children = (
				143A40B81CACC1B5007C0B9F /* FYTimer.h */,
				143A40B91CACC1B5007C0B9F /* FYTimer.m */,
				143A40991CAA9E84007C0B9F /* FYLog.h */,
				143A409A1CAA9E84007C0B9F /* FYLog.m */,
				1475698E1CA54173009DB7E7 /* FYUtils.h */,
				1475698F1CA54173009DB7E7 /* FYUtils.m */,
				143A409C1CABABBA007C0B9F /* HSYUserDefaults.h */,
				143A409D1CABABBA007C0B9F /* HSYUserDefaults.m */,
				143A409F1CABB254007C0B9F /* HSYDBHelper.h */,
				143A40A01CABB254007C0B9F /* HSYDBHelper.m */,
				143A40A21CABB496007C0B9F /* HSYDBColumn.h */,
				143A40A31CABB496007C0B9F /* HSYDBColumn.m */,
			);
			path = Helpers;
			sourceTree = "<group>";
		};
		147569731CA53FC7009DB7E7 /* Modules */ = {
			isa = PBXGroup;
			children = (
				143A41221CAE416D007C0B9F /* Common */,
				143A40D51CACC61A007C0B9F /* RestPage */,
				143A40BB1CACC5FF007C0B9F /* LearningPage */,
				147569A41CA8CA03009DB7E7 /* _Base */,
				147569A81CA8CA03009DB7E7 /* _Temp */,
				147569AC1CA8CA03009DB7E7 /* ContentPage */,
				147569B81CA8CA03009DB7E7 /* RootPage */,
			);
			path = Modules;
			sourceTree = "<group>";
		};
		147569741CA53FC7009DB7E7 /* Protocols */ = {
			isa = PBXGroup;
			children = (
				147569EC1CAA5287009DB7E7 /* HSYLoadValueProtocol.h */,
				147569ED1CAA5411009DB7E7 /* HSYBindingParamProtocol.h */,
			);
			path = Protocols;
			sourceTree = "<group>";
		};
		147569751CA53FC7009DB7E7 /* ThirdLibs */ = {
			isa = PBXGroup;
			children = (
				143A41401CAE758A007C0B9F /* WFLaunchController.h */,
				143A41411CAE758A007C0B9F /* WFLaunchController.m */,
				143A41341CAE6E0A007C0B9F /* MHFBImageViewController */,
				143A40AB1CABC70B007C0B9F /* DBModel */,
			);
			path = ThirdLibs;
			sourceTree = "<group>";
		};
		147569781CA53FC7009DB7E7 /* Widgets */ = {
			isa = PBXGroup;
			children = (
				143A412F1CAE641D007C0B9F /* WFWebImageShowView.h */,
				143A41301CAE641D007C0B9F /* WFWebImageShowView.m */,
				143A40EF1CADF167007C0B9F /* HSYLoadingManage.h */,
				143A40F01CADF167007C0B9F /* HSYLoadingManage.m */,
				143A40B51CACC02D007C0B9F /* FYHintLayer.h */,
				143A40B61CACC02D007C0B9F /* FYHintLayer.m */,
				1475699D1CA8BA19009DB7E7 /* HSYLoading.h */,
				1475699E1CA8BA19009DB7E7 /* HSYLoading.m */,
				147569911CA54186009DB7E7 /* FYLabel.h */,
				147569921CA54186009DB7E7 /* FYLabel.m */,
				147569931CA54186009DB7E7 /* HSYAlertBase.h */,
				147569941CA54186009DB7E7 /* HSYAlertBase.m */,
				147569951CA54186009DB7E7 /* HSYAlertView.h */,
				147569961CA54186009DB7E7 /* HSYAlertView.m */,
				147569971CA54186009DB7E7 /* HSYAttributedString.h */,
				147569981CA54186009DB7E7 /* HSYAttributedString.m */,
			);
			path = Widgets;
			sourceTree = "<group>";
		};
		147569A41CA8CA03009DB7E7 /* _Base */ = {
			isa = PBXGroup;
			children = (
				147569A51CA8CA03009DB7E7 /* Model */,
				147569A61CA8CA03009DB7E7 /* View */,
				147569A71CA8CA03009DB7E7 /* ViewModel */,
			);
			path = _Base;
			sourceTree = "<group>";
		};
		147569A51CA8CA03009DB7E7 /* Model */ = {
			isa = PBXGroup;
			children = (
				147569D31CA8DDBC009DB7E7 /* HSYBaseModel.h */,
				147569D41CA8DDBC009DB7E7 /* HSYBaseModel.m */,
			);
			path = Model;
			sourceTree = "<group>";
		};
		147569A61CA8CA03009DB7E7 /* View */ = {
			isa = PBXGroup;
			children = (
				147569CD1CA8D898009DB7E7 /* HSYBaseController.h */,
				147569CE1CA8D898009DB7E7 /* HSYBaseController.m */,
				147569D01CA8D8C5009DB7E7 /* HSYBaseTableController.h */,
				147569D11CA8D8C5009DB7E7 /* HSYBaseTableController.m */,
				147569E61CA92935009DB7E7 /* HSYBaseTableCell.h */,
				147569E71CA92935009DB7E7 /* HSYBaseTableCell.m */,
			);
			path = View;
			sourceTree = "<group>";
		};
		147569A71CA8CA03009DB7E7 /* ViewModel */ = {
			isa = PBXGroup;
			children = (
				147569D61CA8DDDA009DB7E7 /* HSYBaseViewmodel.h */,
				147569D71CA8DDDA009DB7E7 /* HSYBaseViewmodel.m */,
			);
			path = ViewModel;
			sourceTree = "<group>";
		};
		147569A81CA8CA03009DB7E7 /* _Temp */ = {
			isa = PBXGroup;
			children = (
				147569A91CA8CA03009DB7E7 /* Model */,
				147569AA1CA8CA03009DB7E7 /* View */,
				147569AB1CA8CA03009DB7E7 /* ViewModel */,
			);
			path = _Temp;
			sourceTree = "<group>";
		};
		147569A91CA8CA03009DB7E7 /* Model */ = {
			isa = PBXGroup;
			children = (
			);
			path = Model;
			sourceTree = "<group>";
		};
		147569AA1CA8CA03009DB7E7 /* View */ = {
			isa = PBXGroup;
			children = (
			);
			path = View;
			sourceTree = "<group>";
		};
		147569AB1CA8CA03009DB7E7 /* ViewModel */ = {
			isa = PBXGroup;
			children = (
			);
			path = ViewModel;
			sourceTree = "<group>";
		};
		147569AC1CA8CA03009DB7E7 /* ContentPage */ = {
			isa = PBXGroup;
			children = (
				147569AD1CA8CA03009DB7E7 /* Model */,
				147569AE1CA8CA03009DB7E7 /* View */,
				147569AF1CA8CA03009DB7E7 /* ViewModel */,
			);
			path = ContentPage;
			sourceTree = "<group>";
		};
		147569AD1CA8CA03009DB7E7 /* Model */ = {
			isa = PBXGroup;
			children = (
			);
			path = Model;
			sourceTree = "<group>";
		};
		147569AE1CA8CA03009DB7E7 /* View */ = {
			isa = PBXGroup;
			children = (
				143A40DC1CACC6CE007C0B9F /* HSYContentController.h */,
				143A40DD1CACC6CE007C0B9F /* HSYContentController.m */,
			);
			path = View;
			sourceTree = "<group>";
		};
		147569AF1CA8CA03009DB7E7 /* ViewModel */ = {
			isa = PBXGroup;
			children = (
				143A40DF1CACC76F007C0B9F /* HSYContentViewmodel.h */,
				143A40E01CACC76F007C0B9F /* HSYContentViewmodel.m */,
			);
			path = ViewModel;
			sourceTree = "<group>";
		};
		147569B81CA8CA03009DB7E7 /* RootPage */ = {
			isa = PBXGroup;
			children = (
				147569B91CA8CA03009DB7E7 /* Model */,
				147569BA1CA8CA03009DB7E7 /* View */,
				147569BB1CA8CA03009DB7E7 /* ViewModel */,
			);
			path = RootPage;
			sourceTree = "<group>";
		};
		147569B91CA8CA03009DB7E7 /* Model */ = {
			isa = PBXGroup;
			children = (
			);
			path = Model;
			sourceTree = "<group>";
		};
		147569BA1CA8CA03009DB7E7 /* View */ = {
			isa = PBXGroup;
			children = (
				147569BC1CA8CA26009DB7E7 /* HSYRootController.h */,
				147569BD1CA8CA26009DB7E7 /* HSYRootController.m */,
				147569BF1CA8CD69009DB7E7 /* HSYNavigationController.h */,
				147569C01CA8CD69009DB7E7 /* HSYNavigationController.m */,
			);
			path = View;
			sourceTree = "<group>";
		};
		147569BB1CA8CA03009DB7E7 /* ViewModel */ = {
			isa = PBXGroup;
			children = (
			);
			path = ViewModel;
			sourceTree = "<group>";
		};
		147569C81CA8D232009DB7E7 /* Resource */ = {
			isa = PBXGroup;
			children = (
				144593A91CB4A4300065F659 /* BlurEffect.png */,
				143A415B1CB349BF007C0B9F /* ReturnToTop.png */,
				143A41471CAE7A1A007C0B9F /* Logo.png */,
				143A410E1CAE18CE007C0B9F /* AvatarVedio.png */,
				143A40F81CADFFAD007C0B9F /* AvatarIntroduce.png */,
				143A40F61CADFE49007C0B9F /* AvatarResource.png */,
				143A40FC1CAE016D007C0B9F /* AvatarApp.png */,
				143A414F1CAE7E57007C0B9F /* Icon60@2x.png */,
				143A414D1CAE7CAA007C0B9F /* Icon60@3x.png */,
				143A41531CAE9997007C0B9F /* LaunchFirst.png */,
				143A41571CAE9A54007C0B9F /* LaunchSecond.png */,
				143A41321CAE650C007C0B9F /* Placeholder@2x.png */,
				143A40FE1CAE0300007C0B9F /* AvatarHtml.png */,
				143A40E91CAD2375007C0B9F /* WebBackNormal.png */,
				143A40EA1CAD2375007C0B9F /* WebForwardNormal.png */,
				143A410A1CAE14EF007C0B9F /* TabbarLearn@2x.png */,
				143A410C1CAE1547007C0B9F /* TabbarRest@2x.png */,
				143A41001CAE0E35007C0B9F /* AvatarAndroid.png */,
				143A40E51CAD1606007C0B9F /* WebBack.png */,
				143A40E61CAD1606007C0B9F /* WebForward.png */,
				147569DF1CA91193009DB7E7 /* AvatarIOS.png */,
			);
			path = Resource;
			sourceTree = "<group>";
		};
		B7044197B57E89CA4A40220F /* Pods */ = {
			isa = PBXGroup;
			children = (
				E8B623B7F92A53061104487D /* Pods.debug.xcconfig */,
				8B86759DBF12AF1C212111CF /* Pods.release.xcconfig */,
			);
			name = Pods;
			sourceTree = "<group>";
		};
		E51267ABCAF74380357F1D49 /* Frameworks */ = {
			isa = PBXGroup;
			children = (
				03DAC4DD205D78414B37B47C /* libPods.a */,
			);
			name = Frameworks;
			sourceTree = "<group>";
		};
/* End PBXGroup section */

/* Begin PBXNativeTarget section */
		147569341CA520A0009DB7E7 /* QianHuoClientIOS */ = {
			isa = PBXNativeTarget;
			buildConfigurationList = 147569621CA520A0009DB7E7 /* Build configuration list for PBXNativeTarget "QianHuoClientIOS" */;
			buildPhases = (
				9820E26A63D2E9A020FB2A83 /* Check Pods Manifest.lock */,
				147569311CA520A0009DB7E7 /* Sources */,
				147569321CA520A0009DB7E7 /* Frameworks */,
				147569331CA520A0009DB7E7 /* Resources */,
				140D0E51EAF0A2F70DAD1493 /* Embed Pods Frameworks */,
				73F7D00765CB9B29589F0769 /* Copy Pods Resources */,
			);
			buildRules = (
			);
			dependencies = (
			);
			name = QianHuoClientIOS;
			productName = QianHuoClientIOS;
			productReference = 147569351CA520A0009DB7E7 /* QianHuoClientIOS.app */;
			productType = "com.apple.product-type.application";
		};
		1475694D1CA520A0009DB7E7 /* QianHuoClientIOSTests */ = {
			isa = PBXNativeTarget;
			buildConfigurationList = 147569651CA520A0009DB7E7 /* Build configuration list for PBXNativeTarget "QianHuoClientIOSTests" */;
			buildPhases = (
				1475694A1CA520A0009DB7E7 /* Sources */,
				1475694B1CA520A0009DB7E7 /* Frameworks */,
				1475694C1CA520A0009DB7E7 /* Resources */,
			);
			buildRules = (
			);
			dependencies = (
				147569501CA520A0009DB7E7 /* PBXTargetDependency */,
			);
			name = QianHuoClientIOSTests;
			productName = QianHuoClientIOSTests;
			productReference = 1475694E1CA520A0009DB7E7 /* QianHuoClientIOSTests.xctest */;
			productType = "com.apple.product-type.bundle.unit-test";
		};
		147569581CA520A0009DB7E7 /* QianHuoClientIOSUITests */ = {
			isa = PBXNativeTarget;
			buildConfigurationList = 147569681CA520A0009DB7E7 /* Build configuration list for PBXNativeTarget "QianHuoClientIOSUITests" */;
			buildPhases = (
				147569551CA520A0009DB7E7 /* Sources */,
				147569561CA520A0009DB7E7 /* Frameworks */,
				147569571CA520A0009DB7E7 /* Resources */,
			);
			buildRules = (
			);
			dependencies = (
				1475695B1CA520A0009DB7E7 /* PBXTargetDependency */,
			);
			name = QianHuoClientIOSUITests;
			productName = QianHuoClientIOSUITests;
			productReference = 147569591CA520A0009DB7E7 /* QianHuoClientIOSUITests.xctest */;
			productType = "com.apple.product-type.bundle.ui-testing";
		};
/* End PBXNativeTarget section */

/* Begin PBXProject section */
		1475692D1CA520A0009DB7E7 /* Project object */ = {
			isa = PBXProject;
			attributes = {
				LastUpgradeCheck = 0720;
				ORGANIZATIONNAME = deeepthinking;
				TargetAttributes = {
					147569341CA520A0009DB7E7 = {
						CreatedOnToolsVersion = 7.2.1;
					};
					1475694D1CA520A0009DB7E7 = {
						CreatedOnToolsVersion = 7.2.1;
						TestTargetID = 147569341CA520A0009DB7E7;
					};
					147569581CA520A0009DB7E7 = {
						CreatedOnToolsVersion = 7.2.1;
						TestTargetID = 147569341CA520A0009DB7E7;
					};
				};
			};
			buildConfigurationList = 147569301CA520A0009DB7E7 /* Build configuration list for PBXProject "QianHuoClientIOS" */;
			compatibilityVersion = "Xcode 3.2";
			developmentRegion = English;
			hasScannedForEncodings = 0;
			knownRegions = (
				en,
				Base,
			);
			mainGroup = 1475692C1CA520A0009DB7E7;
			productRefGroup = 147569361CA520A0009DB7E7 /* Products */;
			projectDirPath = "";
			projectRoot = "";
			targets = (
				147569341CA520A0009DB7E7 /* QianHuoClientIOS */,
				1475694D1CA520A0009DB7E7 /* QianHuoClientIOSTests */,
				147569581CA520A0009DB7E7 /* QianHuoClientIOSUITests */,
			);
		};
/* End PBXProject section */

/* Begin PBXResourcesBuildPhase section */
		147569331CA520A0009DB7E7 /* Resources */ = {
			isa = PBXResourcesBuildPhase;
			buildActionMask = 2147483647;
			files = (
				143A40FD1CAE016D007C0B9F /* AvatarApp.png in Resources */,
				144593AA1CB4A4300065F659 /* BlurEffect.png in Resources */,
				147569E11CA91193009DB7E7 /* AvatarIOS.png in Resources */,
				143A41581CAE9A54007C0B9F /* LaunchSecond.png in Resources */,
				143A40F91CADFFAD007C0B9F /* AvatarIntroduce.png in Resources */,
				143A41541CAE9997007C0B9F /* LaunchFirst.png in Resources */,
				143A41011CAE0E35007C0B9F /* AvatarAndroid.png in Resources */,
				143A41481CAE7A1A007C0B9F /* Logo.png in Resources */,
				143A40EB1CAD2375007C0B9F /* WebBackNormal.png in Resources */,
				143A40FF1CAE0300007C0B9F /* AvatarHtml.png in Resources */,
				143A410B1CAE14EF007C0B9F /* TabbarLearn@2x.png in Resources */,
				143A415C1CB349BF007C0B9F /* ReturnToTop.png in Resources */,
				147569481CA520A0009DB7E7 /* LaunchScreen.storyboard in Resources */,
				143A40F71CADFE49007C0B9F /* AvatarResource.png in Resources */,
				143A414E1CAE7CAA007C0B9F /* Icon60@3x.png in Resources */,
				143A413D1CAE6E0A007C0B9F /* Done.png in Resources */,
				147569451CA520A0009DB7E7 /* Assets.xcassets in Resources */,
				143A410F1CAE18CE007C0B9F /* AvatarVedio.png in Resources */,
				143A41331CAE650C007C0B9F /* Placeholder@2x.png in Resources */,
				143A40EC1CAD2375007C0B9F /* WebForwardNormal.png in Resources */,
				143A41501CAE7E57007C0B9F /* Icon60@2x.png in Resources */,
				143A410D1CAE1547007C0B9F /* TabbarRest@2x.png in Resources */,
				143A40E71CAD1606007C0B9F /* WebBack.png in Resources */,
				147569431CA520A0009DB7E7 /* Main.storyboard in Resources */,
				143A413E1CAE6E0A007C0B9F /* Done@2x.png in Resources */,
				143A40E81CAD1606007C0B9F /* WebForward.png in Resources */,
			);
			runOnlyForDeploymentPostprocessing = 0;
		};
		1475694C1CA520A0009DB7E7 /* Resources */ = {
			isa = PBXResourcesBuildPhase;
			buildActionMask = 2147483647;
			files = (
			);
			runOnlyForDeploymentPostprocessing = 0;
		};
		147569571CA520A0009DB7E7 /* Resources */ = {
			isa = PBXResourcesBuildPhase;
			buildActionMask = 2147483647;
			files = (
			);
			runOnlyForDeploymentPostprocessing = 0;
		};
/* End PBXResourcesBuildPhase section */

/* Begin PBXShellScriptBuildPhase section */
		140D0E51EAF0A2F70DAD1493 /* Embed Pods Frameworks */ = {
			isa = PBXShellScriptBuildPhase;
			buildActionMask = 2147483647;
			files = (
			);
			inputPaths = (
			);
			name = "Embed Pods Frameworks";
			outputPaths = (
			);
			runOnlyForDeploymentPostprocessing = 0;
			shellPath = /bin/sh;
			shellScript = "\"${SRCROOT}/Pods/Target Support Files/Pods/Pods-frameworks.sh\"\n";
			showEnvVarsInLog = 0;
		};
		73F7D00765CB9B29589F0769 /* Copy Pods Resources */ = {
			isa = PBXShellScriptBuildPhase;
			buildActionMask = 2147483647;
			files = (
			);
			inputPaths = (
			);
			name = "Copy Pods Resources";
			outputPaths = (
			);
			runOnlyForDeploymentPostprocessing = 0;
			shellPath = /bin/sh;
			shellScript = "\"${SRCROOT}/Pods/Target Support Files/Pods/Pods-resources.sh\"\n";
			showEnvVarsInLog = 0;
		};
		9820E26A63D2E9A020FB2A83 /* Check Pods Manifest.lock */ = {
			isa = PBXShellScriptBuildPhase;
			buildActionMask = 2147483647;
			files = (
			);
			inputPaths = (
			);
			name = "Check Pods Manifest.lock";
			outputPaths = (
			);
			runOnlyForDeploymentPostprocessing = 0;
			shellPath = /bin/sh;
			shellScript = "diff \"${PODS_ROOT}/../Podfile.lock\" \"${PODS_ROOT}/Manifest.lock\" > /dev/null\nif [[ $? != 0 ]] ; then\n    cat << EOM\nerror: The sandbox is not in sync with the Podfile.lock. Run 'pod install' or update your CocoaPods installation.\nEOM\n    exit 1\nfi\n";
			showEnvVarsInLog = 0;
		};
/* End PBXShellScriptBuildPhase section */

/* Begin PBXSourcesBuildPhase section */
		147569311CA520A0009DB7E7 /* Sources */ = {
			isa = PBXSourcesBuildPhase;
			buildActionMask = 2147483647;
			files = (
				1475699B1CA54186009DB7E7 /* HSYAlertView.m in Sources */,
				143A40D41CACC5FF007C0B9F /* HSYLearningViewmodel.m in Sources */,
				143A40A41CABB496007C0B9F /* HSYDBColumn.m in Sources */,
				143A40A11CABB254007C0B9F /* HSYDBHelper.m in Sources */,
				143A413C1CAE6E0A007C0B9F /* MHFacebookImageViewer.m in Sources */,
				1475699C1CA54186009DB7E7 /* HSYAttributedString.m in Sources */,
				147569891CA54155009DB7E7 /* UIImage+FY.m in Sources */,
				1475698B1CA54155009DB7E7 /* UIView+FY.m in Sources */,
				147FC1B81CC35FCB00FC416E /* HSYCommenDateModel.m in Sources */,
				143A40D21CACC5FF007C0B9F /* HSYLearningController.m in Sources */,
				143A40DB1CACC61A007C0B9F /* HSYRestController.m in Sources */,
				147569791CA53FC7009DB7E7 /* AppDelegate.m in Sources */,
				143A40E41CAD0B71007C0B9F /* UIWebView+FY.m in Sources */,
				147569A31CA8C6D3009DB7E7 /* HSYConstant.m in Sources */,
				143A41421CAE758A007C0B9F /* WFLaunchController.m in Sources */,
				147569871CA54155009DB7E7 /* NSString+FY.m in Sources */,
				147569991CA54186009DB7E7 /* FYLabel.m in Sources */,
				143A40CF1CACC5FF007C0B9F /* HSYLearningDateModel.m in Sources */,
				143A40B01CABC70B007C0B9F /* JKDBHelper.m in Sources */,
				1475698C1CA54155009DB7E7 /* UIViewController+FY.m in Sources */,
				147569901CA54173009DB7E7 /* FYUtils.m in Sources */,
				143A40DE1CACC6CE007C0B9F /* HSYContentController.m in Sources */,
				143A409B1CAA9E84007C0B9F /* FYLog.m in Sources */,
				1475699F1CA8BA19009DB7E7 /* HSYLoading.m in Sources */,
				143A411E1CAE2296007C0B9F /* HSYRestFuliCell.m in Sources */,
				147569D21CA8D8C5009DB7E7 /* HSYBaseTableController.m in Sources */,
				143A40F11CADF167007C0B9F /* HSYLoadingManage.m in Sources */,
				143A41181CAE1B0D007C0B9F /* HSYRestDateModel.m in Sources */,
				147FC1B51CC27DE400FC416E /* HSYCommonModel.m in Sources */,
				143A40B71CACC02D007C0B9F /* FYHintLayer.m in Sources */,
				143A413F1CAE6E0A007C0B9F /* UIImageView+MHFacebookImageViewer.m in Sources */,
				147569CF1CA8D898009DB7E7 /* HSYBaseController.m in Sources */,
				147569D51CA8DDBC009DB7E7 /* HSYBaseModel.m in Sources */,
				147569BE1CA8CA26009DB7E7 /* HSYRootController.m in Sources */,
				143A40E11CACC76F007C0B9F /* HSYContentViewmodel.m in Sources */,
				143A411B1CAE1E51007C0B9F /* HSYRestViewmodel.m in Sources */,
				143A412B1CAE4224007C0B9F /* HSYCommonHeader.m in Sources */,
				1475699A1CA54186009DB7E7 /* HSYAlertBase.m in Sources */,
				143A40BA1CACC1B5007C0B9F /* FYTimer.m in Sources */,
				1475693A1CA520A0009DB7E7 /* main.m in Sources */,
				143A40B11CABC70B007C0B9F /* JKDBModel.m in Sources */,
				143A41281CAE41EE007C0B9F /* HSYCommonCell.m in Sources */,
				143A41311CAE641D007C0B9F /* WFWebImageShowView.m in Sources */,
				147569C11CA8CD69009DB7E7 /* HSYNavigationController.m in Sources */,
				147569E81CA92935009DB7E7 /* HSYBaseTableCell.m in Sources */,
				143A409E1CABABBA007C0B9F /* HSYUserDefaults.m in Sources */,
				1475698A1CA54155009DB7E7 /* UIScreen+FY.m in Sources */,
				147569D81CA8DDDA009DB7E7 /* HSYBaseViewmodel.m in Sources */,
				147569881CA54155009DB7E7 /* UIColor+FY.m in Sources */,
			);
			runOnlyForDeploymentPostprocessing = 0;
		};
		1475694A1CA520A0009DB7E7 /* Sources */ = {
			isa = PBXSourcesBuildPhase;
			buildActionMask = 2147483647;
			files = (
				147569531CA520A0009DB7E7 /* QianHuoClientIOSTests.m in Sources */,
			);
			runOnlyForDeploymentPostprocessing = 0;
		};
		147569551CA520A0009DB7E7 /* Sources */ = {
			isa = PBXSourcesBuildPhase;
			buildActionMask = 2147483647;
			files = (
				1475695E1CA520A0009DB7E7 /* QianHuoClientIOSUITests.m in Sources */,
			);
			runOnlyForDeploymentPostprocessing = 0;
		};
/* End PBXSourcesBuildPhase section */

/* Begin PBXTargetDependency section */
		147569501CA520A0009DB7E7 /* PBXTargetDependency */ = {
			isa = PBXTargetDependency;
			target = 147569341CA520A0009DB7E7 /* QianHuoClientIOS */;
			targetProxy = 1475694F1CA520A0009DB7E7 /* PBXContainerItemProxy */;
		};
		1475695B1CA520A0009DB7E7 /* PBXTargetDependency */ = {
			isa = PBXTargetDependency;
			target = 147569341CA520A0009DB7E7 /* QianHuoClientIOS */;
			targetProxy = 1475695A1CA520A0009DB7E7 /* PBXContainerItemProxy */;
		};
/* End PBXTargetDependency section */

/* Begin PBXVariantGroup section */
		147569411CA520A0009DB7E7 /* Main.storyboard */ = {
			isa = PBXVariantGroup;
			children = (
				147569421CA520A0009DB7E7 /* Base */,
			);
			name = Main.storyboard;
			sourceTree = "<group>";
		};
		147569461CA520A0009DB7E7 /* LaunchScreen.storyboard */ = {
			isa = PBXVariantGroup;
			children = (
				147569471CA520A0009DB7E7 /* Base */,
			);
			name = LaunchScreen.storyboard;
			sourceTree = "<group>";
		};
/* End PBXVariantGroup section */

/* Begin XCBuildConfiguration section */
		147569601CA520A0009DB7E7 /* Debug */ = {
			isa = XCBuildConfiguration;
			buildSettings = {
				ALWAYS_SEARCH_USER_PATHS = NO;
				CLANG_CXX_LANGUAGE_STANDARD = "gnu++0x";
				CLANG_CXX_LIBRARY = "libc++";
				CLANG_ENABLE_MODULES = YES;
				CLANG_ENABLE_OBJC_ARC = YES;
				CLANG_WARN_BOOL_CONVERSION = YES;
				CLANG_WARN_CONSTANT_CONVERSION = YES;
				CLANG_WARN_DIRECT_OBJC_ISA_USAGE = YES_ERROR;
				CLANG_WARN_EMPTY_BODY = YES;
				CLANG_WARN_ENUM_CONVERSION = YES;
				CLANG_WARN_INT_CONVERSION = YES;
				CLANG_WARN_OBJC_ROOT_CLASS = YES_ERROR;
				CLANG_WARN_UNREACHABLE_CODE = YES;
				CLANG_WARN__DUPLICATE_METHOD_MATCH = YES;
				"CODE_SIGN_IDENTITY[sdk=iphoneos*]" = "iPhone Developer";
				COPY_PHASE_STRIP = NO;
				DEBUG_INFORMATION_FORMAT = dwarf;
				ENABLE_STRICT_OBJC_MSGSEND = YES;
				ENABLE_TESTABILITY = YES;
				GCC_C_LANGUAGE_STANDARD = gnu99;
				GCC_DYNAMIC_NO_PIC = NO;
				GCC_NO_COMMON_BLOCKS = YES;
				GCC_OPTIMIZATION_LEVEL = 0;
				GCC_PREPROCESSOR_DEFINITIONS = (
					"DEBUG=1",
					"$(inherited)",
				);
				GCC_WARN_64_TO_32_BIT_CONVERSION = YES;
				GCC_WARN_ABOUT_RETURN_TYPE = YES_ERROR;
				GCC_WARN_UNDECLARED_SELECTOR = YES;
				GCC_WARN_UNINITIALIZED_AUTOS = YES_AGGRESSIVE;
				GCC_WARN_UNUSED_FUNCTION = YES;
				GCC_WARN_UNUSED_VARIABLE = YES;
				IPHONEOS_DEPLOYMENT_TARGET = 9.2;
				MTL_ENABLE_DEBUG_INFO = YES;
				ONLY_ACTIVE_ARCH = YES;
				SDKROOT = iphoneos;
				TARGETED_DEVICE_FAMILY = "1,2";
			};
			name = Debug;
		};
		147569611CA520A0009DB7E7 /* Release */ = {
			isa = XCBuildConfiguration;
			buildSettings = {
				ALWAYS_SEARCH_USER_PATHS = NO;
				CLANG_CXX_LANGUAGE_STANDARD = "gnu++0x";
				CLANG_CXX_LIBRARY = "libc++";
				CLANG_ENABLE_MODULES = YES;
				CLANG_ENABLE_OBJC_ARC = YES;
				CLANG_WARN_BOOL_CONVERSION = YES;
				CLANG_WARN_CONSTANT_CONVERSION = YES;
				CLANG_WARN_DIRECT_OBJC_ISA_USAGE = YES_ERROR;
				CLANG_WARN_EMPTY_BODY = YES;
				CLANG_WARN_ENUM_CONVERSION = YES;
				CLANG_WARN_INT_CONVERSION = YES;
				CLANG_WARN_OBJC_ROOT_CLASS = YES_ERROR;
				CLANG_WARN_UNREACHABLE_CODE = YES;
				CLANG_WARN__DUPLICATE_METHOD_MATCH = YES;
				"CODE_SIGN_IDENTITY[sdk=iphoneos*]" = "iPhone Developer";
				COPY_PHASE_STRIP = NO;
				DEBUG_INFORMATION_FORMAT = "dwarf-with-dsym";
				ENABLE_NS_ASSERTIONS = NO;
				ENABLE_STRICT_OBJC_MSGSEND = YES;
				GCC_C_LANGUAGE_STANDARD = gnu99;
				GCC_NO_COMMON_BLOCKS = YES;
				GCC_WARN_64_TO_32_BIT_CONVERSION = YES;
				GCC_WARN_ABOUT_RETURN_TYPE = YES_ERROR;
				GCC_WARN_UNDECLARED_SELECTOR = YES;
				GCC_WARN_UNINITIALIZED_AUTOS = YES_AGGRESSIVE;
				GCC_WARN_UNUSED_FUNCTION = YES;
				GCC_WARN_UNUSED_VARIABLE = YES;
				IPHONEOS_DEPLOYMENT_TARGET = 9.2;
				MTL_ENABLE_DEBUG_INFO = NO;
				SDKROOT = iphoneos;
				TARGETED_DEVICE_FAMILY = "1,2";
				VALIDATE_PRODUCT = YES;
			};
			name = Release;
		};
		147569631CA520A0009DB7E7 /* Debug */ = {
			isa = XCBuildConfiguration;
			baseConfigurationReference = E8B623B7F92A53061104487D /* Pods.debug.xcconfig */;
			buildSettings = {
				ASSETCATALOG_COMPILER_APPICON_NAME = AppIcon;
				GCC_PREFIX_HEADER = "$(SRCROOT)/QianHuoClientIOS/Classes/Configs/HSYPch.pch";
				INFOPLIST_FILE = QianHuoClientIOS/Info.plist;
				IPHONEOS_DEPLOYMENT_TARGET = 7.1;
				LD_RUNPATH_SEARCH_PATHS = "$(inherited) @executable_path/Frameworks";
				PRODUCT_BUNDLE_IDENTIFIER = com.deeepthinking.QianHuoClientIOS;
				PRODUCT_NAME = "$(TARGET_NAME)";
			};
			name = Debug;
		};
		147569641CA520A0009DB7E7 /* Release */ = {
			isa = XCBuildConfiguration;
			baseConfigurationReference = 8B86759DBF12AF1C212111CF /* Pods.release.xcconfig */;
			buildSettings = {
				ASSETCATALOG_COMPILER_APPICON_NAME = AppIcon;
				GCC_PREFIX_HEADER = "$(SRCROOT)/QianHuoClientIOS/Classes/Configs/HSYPch.pch";
				INFOPLIST_FILE = QianHuoClientIOS/Info.plist;
				IPHONEOS_DEPLOYMENT_TARGET = 7.1;
				LD_RUNPATH_SEARCH_PATHS = "$(inherited) @executable_path/Frameworks";
				PRODUCT_BUNDLE_IDENTIFIER = com.deeepthinking.QianHuoClientIOS;
				PRODUCT_NAME = "$(TARGET_NAME)";
			};
			name = Release;
		};
		147569661CA520A0009DB7E7 /* Debug */ = {
			isa = XCBuildConfiguration;
			buildSettings = {
				BUNDLE_LOADER = "$(TEST_HOST)";
				INFOPLIST_FILE = QianHuoClientIOSTests/Info.plist;
				LD_RUNPATH_SEARCH_PATHS = "$(inherited) @executable_path/Frameworks @loader_path/Frameworks";
				PRODUCT_BUNDLE_IDENTIFIER = com.deeepthinking.QianHuoClientIOSTests;
				PRODUCT_NAME = "$(TARGET_NAME)";
				TEST_HOST = "$(BUILT_PRODUCTS_DIR)/QianHuoClientIOS.app/QianHuoClientIOS";
			};
			name = Debug;
		};
		147569671CA520A0009DB7E7 /* Release */ = {
			isa = XCBuildConfiguration;
			buildSettings = {
				BUNDLE_LOADER = "$(TEST_HOST)";
				INFOPLIST_FILE = QianHuoClientIOSTests/Info.plist;
				LD_RUNPATH_SEARCH_PATHS = "$(inherited) @executable_path/Frameworks @loader_path/Frameworks";
				PRODUCT_BUNDLE_IDENTIFIER = com.deeepthinking.QianHuoClientIOSTests;
				PRODUCT_NAME = "$(TARGET_NAME)";
				TEST_HOST = "$(BUILT_PRODUCTS_DIR)/QianHuoClientIOS.app/QianHuoClientIOS";
			};
			name = Release;
		};
		147569691CA520A0009DB7E7 /* Debug */ = {
			isa = XCBuildConfiguration;
			buildSettings = {
				INFOPLIST_FILE = QianHuoClientIOSUITests/Info.plist;
				LD_RUNPATH_SEARCH_PATHS = "$(inherited) @executable_path/Frameworks @loader_path/Frameworks";
				PRODUCT_BUNDLE_IDENTIFIER = com.deeepthinking.QianHuoClientIOSUITests;
				PRODUCT_NAME = "$(TARGET_NAME)";
				TEST_TARGET_NAME = QianHuoClientIOS;
				USES_XCTRUNNER = YES;
			};
			name = Debug;
		};
		1475696A1CA520A0009DB7E7 /* Release */ = {
			isa = XCBuildConfiguration;
			buildSettings = {
				INFOPLIST_FILE = QianHuoClientIOSUITests/Info.plist;
				LD_RUNPATH_SEARCH_PATHS = "$(inherited) @executable_path/Frameworks @loader_path/Frameworks";
				PRODUCT_BUNDLE_IDENTIFIER = com.deeepthinking.QianHuoClientIOSUITests;
				PRODUCT_NAME = "$(TARGET_NAME)";
				TEST_TARGET_NAME = QianHuoClientIOS;
				USES_XCTRUNNER = YES;
			};
			name = Release;
		};
/* End XCBuildConfiguration section */

/* Begin XCConfigurationList section */
		147569301CA520A0009DB7E7 /* Build configuration list for PBXProject "QianHuoClientIOS" */ = {
			isa = XCConfigurationList;
			buildConfigurations = (
				147569601CA520A0009DB7E7 /* Debug */,
				147569611CA520A0009DB7E7 /* Release */,
			);
			defaultConfigurationIsVisible = 0;
			defaultConfigurationName = Release;
		};
		147569621CA520A0009DB7E7 /* Build configuration list for PBXNativeTarget "QianHuoClientIOS" */ = {
			isa = XCConfigurationList;
			buildConfigurations = (
				147569631CA520A0009DB7E7 /* Debug */,
				147569641CA520A0009DB7E7 /* Release */,
			);
			defaultConfigurationIsVisible = 0;
			defaultConfigurationName = Release;
		};
		147569651CA520A0009DB7E7 /* Build configuration list for PBXNativeTarget "QianHuoClientIOSTests" */ = {
			isa = XCConfigurationList;
			buildConfigurations = (
				147569661CA520A0009DB7E7 /* Debug */,
				147569671CA520A0009DB7E7 /* Release */,
			);
			defaultConfigurationIsVisible = 0;
			defaultConfigurationName = Release;
		};
		147569681CA520A0009DB7E7 /* Build configuration list for PBXNativeTarget "QianHuoClientIOSUITests" */ = {
			isa = XCConfigurationList;
			buildConfigurations = (
				147569691CA520A0009DB7E7 /* Debug */,
				1475696A1CA520A0009DB7E7 /* Release */,
			);
			defaultConfigurationIsVisible = 0;
			defaultConfigurationName = Release;
		};
/* End XCConfigurationList section */
	};
	rootObject = 1475692D1CA520A0009DB7E7 /* Project object */;
}
